// !$*UTF8*$!
{
	archiveVersion = 1;
	classes = {
	};
	objectVersion = 56;
	objects = {

/* Begin PBXBuildFile section */
		EA157AFF2B0B9D1D004451BD /* CacheFeedUseCaseTests.swift in Sources */ = {isa = PBXBuildFile; fileRef = EA157AFE2B0B9D1D004451BD /* CacheFeedUseCaseTests.swift */; };
		EA1D13272B45A0E500CE2435 /* EssentialFeedCacheIntegrationTests.swift in Sources */ = {isa = PBXBuildFile; fileRef = EA1D13262B45A0E500CE2435 /* EssentialFeedCacheIntegrationTests.swift */; };
		EA1D13282B45A0E500CE2435 /* EssentialFeed.framework in Frameworks */ = {isa = PBXBuildFile; fileRef = EAE79C5F2AA40A98009585E1 /* EssentialFeed.framework */; };
		EA1D132F2B45A70400CE2435 /* XCTTestCase+MemoryLeakTracking.swift in Sources */ = {isa = PBXBuildFile; fileRef = EA21097D2B03A4560052155A /* XCTTestCase+MemoryLeakTracking.swift */; };
		EA1D13302B45A8E300CE2435 /* FeedCacheTestHelpers.swift in Sources */ = {isa = PBXBuildFile; fileRef = EAB7A6CD2B28A1F200C3CE4E /* FeedCacheTestHelpers.swift */; };
		EA1D13312B45A90F00CE2435 /* SharedTestHelpers.swift in Sources */ = {isa = PBXBuildFile; fileRef = EAB7A6CF2B28A2BD00C3CE4E /* SharedTestHelpers.swift */; };
		EA21097E2B03A4560052155A /* XCTTestCase+MemoryLeakTracking.swift in Sources */ = {isa = PBXBuildFile; fileRef = EA21097D2B03A4560052155A /* XCTTestCase+MemoryLeakTracking.swift */; };
		EA2109802B03B30E0052155A /* URLSessionHTTPClient.swift in Sources */ = {isa = PBXBuildFile; fileRef = EA21097F2B03B30E0052155A /* URLSessionHTTPClient.swift */; };
		EA2109892B04FA800052155A /* EssentialFeedAPIEndToEndTests.swift in Sources */ = {isa = PBXBuildFile; fileRef = EA2109882B04FA800052155A /* EssentialFeedAPIEndToEndTests.swift */; };
		EA21098A2B04FA800052155A /* EssentialFeed.framework in Frameworks */ = {isa = PBXBuildFile; fileRef = EAE79C5F2AA40A98009585E1 /* EssentialFeed.framework */; };
		EA2109902B05009F0052155A /* XCTTestCase+MemoryLeakTracking.swift in Sources */ = {isa = PBXBuildFile; fileRef = EA21097D2B03A4560052155A /* XCTTestCase+MemoryLeakTracking.swift */; };
		EA2724B72B14CB79007DE0DD /* LocalFeedLoader.swift in Sources */ = {isa = PBXBuildFile; fileRef = EA2724B62B14CB79007DE0DD /* LocalFeedLoader.swift */; };
		EA2724B92B14CC4F007DE0DD /* FeedStore.swift in Sources */ = {isa = PBXBuildFile; fileRef = EA2724B82B14CC4F007DE0DD /* FeedStore.swift */; };
		EA2724BB2B14DA93007DE0DD /* RemoteFeedItem.swift in Sources */ = {isa = PBXBuildFile; fileRef = EA2724BA2B14DA93007DE0DD /* RemoteFeedItem.swift */; };
		EA2724BD2B14DAD3007DE0DD /* LocalFeedImage.swift in Sources */ = {isa = PBXBuildFile; fileRef = EA2724BC2B14DAD3007DE0DD /* LocalFeedImage.swift */; };
		EA483A0E2B3CCBD8004BCB8C /* CoreDataFeedStoreTests.swift in Sources */ = {isa = PBXBuildFile; fileRef = EA483A0D2B3CCBD8004BCB8C /* CoreDataFeedStoreTests.swift */; };
		EA483A102B3CD062004BCB8C /* CoreDataFeedStore.swift in Sources */ = {isa = PBXBuildFile; fileRef = EA483A0F2B3CD062004BCB8C /* CoreDataFeedStore.swift */; };
		EA483A132B3CD1B8004BCB8C /* FeedStore.xcdatamodeld in Sources */ = {isa = PBXBuildFile; fileRef = EA483A112B3CD1B8004BCB8C /* FeedStore.xcdatamodeld */; };
		EA501AF22B34866E00D18295 /* XCTestCase+FailableRetrieveFeedStoreSpecs.swift in Sources */ = {isa = PBXBuildFile; fileRef = EA501AF12B34866E00D18295 /* XCTestCase+FailableRetrieveFeedStoreSpecs.swift */; };
		EA501AF42B348B4B00D18295 /* XCTestCase+FailableInsertFeedStoreSpecs.swift in Sources */ = {isa = PBXBuildFile; fileRef = EA501AF32B348B4B00D18295 /* XCTestCase+FailableInsertFeedStoreSpecs.swift */; };
		EA501AF62B348BED00D18295 /* XCTestCase+FailableDeleteFeedStoreSpecs.swift in Sources */ = {isa = PBXBuildFile; fileRef = EA501AF52B348BED00D18295 /* XCTestCase+FailableDeleteFeedStoreSpecs.swift */; };
		EA5E8B832B3481B4008A0260 /* FeedStoreSpecs.swift in Sources */ = {isa = PBXBuildFile; fileRef = EA5E8B822B3481B4008A0260 /* FeedStoreSpecs.swift */; };
		EA5E8B852B348233008A0260 /* XCTestCase+FeedStoreSpecs.swift in Sources */ = {isa = PBXBuildFile; fileRef = EA5E8B842B348233008A0260 /* XCTestCase+FeedStoreSpecs.swift */; };
		EA646BEC2AABBDF700279320 /* LoadFeedFromRemoteUseCaseTests.swift in Sources */ = {isa = PBXBuildFile; fileRef = EA646BEB2AABBDF700279320 /* LoadFeedFromRemoteUseCaseTests.swift */; };
		EA8EDB0F2B20A95600E905B8 /* LoadFeedFromCacheUseCaseTests.swift in Sources */ = {isa = PBXBuildFile; fileRef = EA8EDB0E2B20A95600E905B8 /* LoadFeedFromCacheUseCaseTests.swift */; };
		EA8EDB122B20AA6800E905B8 /* FeedStoreSpy.swift in Sources */ = {isa = PBXBuildFile; fileRef = EA8EDB112B20AA6800E905B8 /* FeedStoreSpy.swift */; };
		EA9325272AC39EB3008A25F2 /* RemoteFeedLoader.swift in Sources */ = {isa = PBXBuildFile; fileRef = EA9325262AC39EB3008A25F2 /* RemoteFeedLoader.swift */; };
		EA9AB9872AF6A83000291284 /* HTTPClient.swift in Sources */ = {isa = PBXBuildFile; fileRef = EA9AB9862AF6A83000291284 /* HTTPClient.swift */; };
		EA9AB98C2AF9292300291284 /* URLSessionHTTPClientTests.swift in Sources */ = {isa = PBXBuildFile; fileRef = EA9AB98B2AF9292300291284 /* URLSessionHTTPClientTests.swift */; };
		EAA6A91F2B5B03710022A99E /* FeedViewControllerTests.swift in Sources */ = {isa = PBXBuildFile; fileRef = EAA6A91E2B5B03710022A99E /* FeedViewControllerTests.swift */; };
		EAA6A9212B5B07540022A99E /* EssentialFeed.framework in Frameworks */ = {isa = PBXBuildFile; fileRef = EAE79C5F2AA40A98009585E1 /* EssentialFeed.framework */; platformFilter = ios; };
		EAA6A9222B5B07540022A99E /* EssentialFeed.framework in Embed Frameworks */ = {isa = PBXBuildFile; fileRef = EAE79C5F2AA40A98009585E1 /* EssentialFeed.framework */; platformFilter = ios; settings = {ATTRIBUTES = (CodeSignOnCopy, RemoveHeadersOnCopy, ); }; };
		EAA6A9262B5B07E40022A99E /* XCTTestCase+MemoryLeakTracking.swift in Sources */ = {isa = PBXBuildFile; fileRef = EA21097D2B03A4560052155A /* XCTTestCase+MemoryLeakTracking.swift */; };
		EAA6A9282B5EBCF60022A99E /* FeedViewController.swift in Sources */ = {isa = PBXBuildFile; fileRef = EAA6A9272B5EBCF60022A99E /* FeedViewController.swift */; };
		EAA6A9292B5F3C080022A99E /* EssentialFeed.framework in Frameworks */ = {isa = PBXBuildFile; fileRef = EAE79C5F2AA40A98009585E1 /* EssentialFeed.framework */; platformFilter = ios; };
		EAA6A92A2B5F3C080022A99E /* EssentialFeed.framework in Embed Frameworks */ = {isa = PBXBuildFile; fileRef = EAE79C5F2AA40A98009585E1 /* EssentialFeed.framework */; platformFilter = ios; settings = {ATTRIBUTES = (CodeSignOnCopy, RemoveHeadersOnCopy, ); }; };
		EAA6A92F2B614C720022A99E /* FeedImageCell.swift in Sources */ = {isa = PBXBuildFile; fileRef = EAA6A92E2B614C720022A99E /* FeedImageCell.swift */; };
		EAAACBF12B2C940000D5F059 /* FeedCachePolicy.swift in Sources */ = {isa = PBXBuildFile; fileRef = EAAACBF02B2C940000D5F059 /* FeedCachePolicy.swift */; };
		EAB7A6CC2B289ECB00C3CE4E /* ValidateFeedUseCaseTests.swift in Sources */ = {isa = PBXBuildFile; fileRef = EAB7A6CB2B289ECB00C3CE4E /* ValidateFeedUseCaseTests.swift */; };
		EAB7A6CE2B28A1F200C3CE4E /* FeedCacheTestHelpers.swift in Sources */ = {isa = PBXBuildFile; fileRef = EAB7A6CD2B28A1F200C3CE4E /* FeedCacheTestHelpers.swift */; };
		EAB7A6D02B28A2BD00C3CE4E /* SharedTestHelpers.swift in Sources */ = {isa = PBXBuildFile; fileRef = EAB7A6CF2B28A2BD00C3CE4E /* SharedTestHelpers.swift */; };
		EABEBDA62B14DCD200AFCA32 /* FeedItemMapper.swift in Sources */ = {isa = PBXBuildFile; fileRef = EA9AB9882AF6A89C00291284 /* FeedItemMapper.swift */; };
		EACF298A2B588D8E00A95B06 /* EssentialFeediOS.framework in Frameworks */ = {isa = PBXBuildFile; fileRef = EACF29822B588D8E00A95B06 /* EssentialFeediOS.framework */; };
		EAE79C682AA40A99009585E1 /* EssentialFeed.framework in Frameworks */ = {isa = PBXBuildFile; fileRef = EAE79C5F2AA40A98009585E1 /* EssentialFeed.framework */; };
		EAE79C6E2AA40A99009585E1 /* EssentialFeed.h in Headers */ = {isa = PBXBuildFile; fileRef = EAE79C622AA40A98009585E1 /* EssentialFeed.h */; settings = {ATTRIBUTES = (Public, ); }; };
		EAE79C782AA40AB9009585E1 /* FeedImage.swift in Sources */ = {isa = PBXBuildFile; fileRef = EAE79C772AA40AB9009585E1 /* FeedImage.swift */; };
		EAE79C7A2AA40DD8009585E1 /* FeedLoader.swift in Sources */ = {isa = PBXBuildFile; fileRef = EAE79C792AA40DD8009585E1 /* FeedLoader.swift */; };
		EAFF247D2B41F91300252166 /* CoreDataHelpers.swift in Sources */ = {isa = PBXBuildFile; fileRef = EAFF247C2B41F91300252166 /* CoreDataHelpers.swift */; };
		EAFF247F2B41F97D00252166 /* ManagedCache.swift in Sources */ = {isa = PBXBuildFile; fileRef = EAFF247E2B41F97D00252166 /* ManagedCache.swift */; };
		EAFF24812B41F99300252166 /* ManagedFeedImage.swift in Sources */ = {isa = PBXBuildFile; fileRef = EAFF24802B41F99300252166 /* ManagedFeedImage.swift */; };
/* End PBXBuildFile section */

/* Begin PBXContainerItemProxy section */
		EA1D13292B45A0E500CE2435 /* PBXContainerItemProxy */ = {
			isa = PBXContainerItemProxy;
			containerPortal = EAE79C562AA40A98009585E1 /* Project object */;
			proxyType = 1;
			remoteGlobalIDString = EAE79C5E2AA40A98009585E1;
			remoteInfo = EssentialFeed;
		};
		EA21098B2B04FA800052155A /* PBXContainerItemProxy */ = {
			isa = PBXContainerItemProxy;
			containerPortal = EAE79C562AA40A98009585E1 /* Project object */;
			proxyType = 1;
			remoteGlobalIDString = EAE79C5E2AA40A98009585E1;
			remoteInfo = EssentialFeed;
		};
		EAA6A9232B5B07540022A99E /* PBXContainerItemProxy */ = {
			isa = PBXContainerItemProxy;
			containerPortal = EAE79C562AA40A98009585E1 /* Project object */;
			proxyType = 1;
			remoteGlobalIDString = EAE79C5E2AA40A98009585E1;
			remoteInfo = EssentialFeed;
		};
		EAA6A92B2B5F3C080022A99E /* PBXContainerItemProxy */ = {
			isa = PBXContainerItemProxy;
			containerPortal = EAE79C562AA40A98009585E1 /* Project object */;
			proxyType = 1;
			remoteGlobalIDString = EAE79C5E2AA40A98009585E1;
			remoteInfo = EssentialFeed;
		};
		EACF298B2B588D8E00A95B06 /* PBXContainerItemProxy */ = {
			isa = PBXContainerItemProxy;
			containerPortal = EAE79C562AA40A98009585E1 /* Project object */;
			proxyType = 1;
			remoteGlobalIDString = EACF29812B588D8E00A95B06;
			remoteInfo = EssentialFeediOS;
		};
		EAE79C692AA40A99009585E1 /* PBXContainerItemProxy */ = {
			isa = PBXContainerItemProxy;
			containerPortal = EAE79C562AA40A98009585E1 /* Project object */;
			proxyType = 1;
			remoteGlobalIDString = EAE79C5E2AA40A98009585E1;
			remoteInfo = EssentialFeed;
		};
/* End PBXContainerItemProxy section */

/* Begin PBXCopyFilesBuildPhase section */
		EAA6A9252B5B07540022A99E /* Embed Frameworks */ = {
			isa = PBXCopyFilesBuildPhase;
			buildActionMask = 2147483647;
			dstPath = "";
			dstSubfolderSpec = 10;
			files = (
				EAA6A9222B5B07540022A99E /* EssentialFeed.framework in Embed Frameworks */,
			);
			name = "Embed Frameworks";
			runOnlyForDeploymentPostprocessing = 0;
		};
		EAA6A92D2B5F3C080022A99E /* Embed Frameworks */ = {
			isa = PBXCopyFilesBuildPhase;
			buildActionMask = 2147483647;
			dstPath = "";
			dstSubfolderSpec = 10;
			files = (
				EAA6A92A2B5F3C080022A99E /* EssentialFeed.framework in Embed Frameworks */,
			);
			name = "Embed Frameworks";
			runOnlyForDeploymentPostprocessing = 0;
		};
/* End PBXCopyFilesBuildPhase section */

/* Begin PBXFileReference section */
		EA157AFE2B0B9D1D004451BD /* CacheFeedUseCaseTests.swift */ = {isa = PBXFileReference; lastKnownFileType = sourcecode.swift; path = CacheFeedUseCaseTests.swift; sourceTree = "<group>"; };
		EA1D13242B45A0E500CE2435 /* EssentialFeedCacheIntegrationTests.xctest */ = {isa = PBXFileReference; explicitFileType = wrapper.cfbundle; includeInIndex = 0; path = EssentialFeedCacheIntegrationTests.xctest; sourceTree = BUILT_PRODUCTS_DIR; };
		EA1D13262B45A0E500CE2435 /* EssentialFeedCacheIntegrationTests.swift */ = {isa = PBXFileReference; lastKnownFileType = sourcecode.swift; path = EssentialFeedCacheIntegrationTests.swift; sourceTree = "<group>"; };
		EA1D132E2B45A16A00CE2435 /* EssentialFeedCacheIntegrationTests.xctestplan */ = {isa = PBXFileReference; lastKnownFileType = text; name = EssentialFeedCacheIntegrationTests.xctestplan; path = EssentialFeedCacheIntegrationTests/EssentialFeedCacheIntegrationTests.xctestplan; sourceTree = "<group>"; };
		EA21097D2B03A4560052155A /* XCTTestCase+MemoryLeakTracking.swift */ = {isa = PBXFileReference; lastKnownFileType = sourcecode.swift; path = "XCTTestCase+MemoryLeakTracking.swift"; sourceTree = "<group>"; };
		EA21097F2B03B30E0052155A /* URLSessionHTTPClient.swift */ = {isa = PBXFileReference; lastKnownFileType = sourcecode.swift; path = URLSessionHTTPClient.swift; sourceTree = "<group>"; };
		EA2109812B04F7980052155A /* EssentialFeed.xctestplan */ = {isa = PBXFileReference; lastKnownFileType = text; name = EssentialFeed.xctestplan; path = EssentialFeedTests/EssentialFeed.xctestplan; sourceTree = "<group>"; };
		EA2109862B04FA800052155A /* EssentialFeedAPIEndToEndTests.xctest */ = {isa = PBXFileReference; explicitFileType = wrapper.cfbundle; includeInIndex = 0; path = EssentialFeedAPIEndToEndTests.xctest; sourceTree = BUILT_PRODUCTS_DIR; };
		EA2109882B04FA800052155A /* EssentialFeedAPIEndToEndTests.swift */ = {isa = PBXFileReference; lastKnownFileType = sourcecode.swift; path = EssentialFeedAPIEndToEndTests.swift; sourceTree = "<group>"; };
		EA2109912B0501D30052155A /* CI.xctestplan */ = {isa = PBXFileReference; lastKnownFileType = text; name = CI.xctestplan; path = EssentialFeedAPIEndToEndTests/CI.xctestplan; sourceTree = "<group>"; };
		EA2724B62B14CB79007DE0DD /* LocalFeedLoader.swift */ = {isa = PBXFileReference; lastKnownFileType = sourcecode.swift; path = LocalFeedLoader.swift; sourceTree = "<group>"; };
		EA2724B82B14CC4F007DE0DD /* FeedStore.swift */ = {isa = PBXFileReference; lastKnownFileType = sourcecode.swift; path = FeedStore.swift; sourceTree = "<group>"; };
		EA2724BA2B14DA93007DE0DD /* RemoteFeedItem.swift */ = {isa = PBXFileReference; lastKnownFileType = sourcecode.swift; path = RemoteFeedItem.swift; sourceTree = "<group>"; };
		EA2724BC2B14DAD3007DE0DD /* LocalFeedImage.swift */ = {isa = PBXFileReference; lastKnownFileType = sourcecode.swift; path = LocalFeedImage.swift; sourceTree = "<group>"; };
		EA483A0D2B3CCBD8004BCB8C /* CoreDataFeedStoreTests.swift */ = {isa = PBXFileReference; lastKnownFileType = sourcecode.swift; path = CoreDataFeedStoreTests.swift; sourceTree = "<group>"; };
		EA483A0F2B3CD062004BCB8C /* CoreDataFeedStore.swift */ = {isa = PBXFileReference; lastKnownFileType = sourcecode.swift; path = CoreDataFeedStore.swift; sourceTree = "<group>"; };
		EA483A122B3CD1B8004BCB8C /* FeedStore.xcdatamodel */ = {isa = PBXFileReference; lastKnownFileType = wrapper.xcdatamodel; path = FeedStore.xcdatamodel; sourceTree = "<group>"; };
		EA501AF12B34866E00D18295 /* XCTestCase+FailableRetrieveFeedStoreSpecs.swift */ = {isa = PBXFileReference; lastKnownFileType = sourcecode.swift; path = "XCTestCase+FailableRetrieveFeedStoreSpecs.swift"; sourceTree = "<group>"; };
		EA501AF32B348B4B00D18295 /* XCTestCase+FailableInsertFeedStoreSpecs.swift */ = {isa = PBXFileReference; lastKnownFileType = sourcecode.swift; path = "XCTestCase+FailableInsertFeedStoreSpecs.swift"; sourceTree = "<group>"; };
		EA501AF52B348BED00D18295 /* XCTestCase+FailableDeleteFeedStoreSpecs.swift */ = {isa = PBXFileReference; lastKnownFileType = sourcecode.swift; path = "XCTestCase+FailableDeleteFeedStoreSpecs.swift"; sourceTree = "<group>"; };
		EA5E8B822B3481B4008A0260 /* FeedStoreSpecs.swift */ = {isa = PBXFileReference; lastKnownFileType = sourcecode.swift; path = FeedStoreSpecs.swift; sourceTree = "<group>"; };
		EA5E8B842B348233008A0260 /* XCTestCase+FeedStoreSpecs.swift */ = {isa = PBXFileReference; lastKnownFileType = sourcecode.swift; path = "XCTestCase+FeedStoreSpecs.swift"; sourceTree = "<group>"; };
		EA646BEB2AABBDF700279320 /* LoadFeedFromRemoteUseCaseTests.swift */ = {isa = PBXFileReference; lastKnownFileType = sourcecode.swift; path = LoadFeedFromRemoteUseCaseTests.swift; sourceTree = "<group>"; };
		EA8EDB0E2B20A95600E905B8 /* LoadFeedFromCacheUseCaseTests.swift */ = {isa = PBXFileReference; lastKnownFileType = sourcecode.swift; path = LoadFeedFromCacheUseCaseTests.swift; sourceTree = "<group>"; };
		EA8EDB112B20AA6800E905B8 /* FeedStoreSpy.swift */ = {isa = PBXFileReference; lastKnownFileType = sourcecode.swift; path = FeedStoreSpy.swift; sourceTree = "<group>"; };
		EA9325262AC39EB3008A25F2 /* RemoteFeedLoader.swift */ = {isa = PBXFileReference; lastKnownFileType = sourcecode.swift; path = RemoteFeedLoader.swift; sourceTree = "<group>"; };
		EA9AB9862AF6A83000291284 /* HTTPClient.swift */ = {isa = PBXFileReference; lastKnownFileType = sourcecode.swift; path = HTTPClient.swift; sourceTree = "<group>"; };
		EA9AB9882AF6A89C00291284 /* FeedItemMapper.swift */ = {isa = PBXFileReference; lastKnownFileType = sourcecode.swift; path = FeedItemMapper.swift; sourceTree = "<group>"; };
		EA9AB98B2AF9292300291284 /* URLSessionHTTPClientTests.swift */ = {isa = PBXFileReference; lastKnownFileType = sourcecode.swift; path = URLSessionHTTPClientTests.swift; sourceTree = "<group>"; };
		EAA6A91E2B5B03710022A99E /* FeedViewControllerTests.swift */ = {isa = PBXFileReference; lastKnownFileType = sourcecode.swift; path = FeedViewControllerTests.swift; sourceTree = "<group>"; };
		EAA6A9272B5EBCF60022A99E /* FeedViewController.swift */ = {isa = PBXFileReference; lastKnownFileType = sourcecode.swift; path = FeedViewController.swift; sourceTree = "<group>"; };
		EAA6A92E2B614C720022A99E /* FeedImageCell.swift */ = {isa = PBXFileReference; lastKnownFileType = sourcecode.swift; path = FeedImageCell.swift; sourceTree = "<group>"; };
		EAAACBF02B2C940000D5F059 /* FeedCachePolicy.swift */ = {isa = PBXFileReference; lastKnownFileType = sourcecode.swift; path = FeedCachePolicy.swift; sourceTree = "<group>"; };
		EAB7A6CB2B289ECB00C3CE4E /* ValidateFeedUseCaseTests.swift */ = {isa = PBXFileReference; lastKnownFileType = sourcecode.swift; path = ValidateFeedUseCaseTests.swift; sourceTree = "<group>"; };
		EAB7A6CD2B28A1F200C3CE4E /* FeedCacheTestHelpers.swift */ = {isa = PBXFileReference; lastKnownFileType = sourcecode.swift; path = FeedCacheTestHelpers.swift; sourceTree = "<group>"; };
		EAB7A6CF2B28A2BD00C3CE4E /* SharedTestHelpers.swift */ = {isa = PBXFileReference; lastKnownFileType = sourcecode.swift; path = SharedTestHelpers.swift; sourceTree = "<group>"; };
		EACF297C2B5889C600A95B06 /* EssentialFeedAPIEndToEndTests.xctestplan */ = {isa = PBXFileReference; lastKnownFileType = text; name = EssentialFeedAPIEndToEndTests.xctestplan; path = EssentialFeedAPIEndToEndTests/EssentialFeedAPIEndToEndTests.xctestplan; sourceTree = "<group>"; };
		EACF29822B588D8E00A95B06 /* EssentialFeediOS.framework */ = {isa = PBXFileReference; explicitFileType = wrapper.framework; includeInIndex = 0; path = EssentialFeediOS.framework; sourceTree = BUILT_PRODUCTS_DIR; };
		EACF29892B588D8E00A95B06 /* EssentialFeediOSTests.xctest */ = {isa = PBXFileReference; explicitFileType = wrapper.cfbundle; includeInIndex = 0; path = EssentialFeediOSTests.xctest; sourceTree = BUILT_PRODUCTS_DIR; };
		EACF29972B588E2900A95B06 /* EssentialFeediOS.xctestplan */ = {isa = PBXFileReference; lastKnownFileType = text; name = EssentialFeediOS.xctestplan; path = EssentialFeediOSTests/EssentialFeediOS.xctestplan; sourceTree = "<group>"; };
		EACF29982B58917B00A95B06 /* CI_iOS.xctestplan */ = {isa = PBXFileReference; lastKnownFileType = text; path = CI_iOS.xctestplan; sourceTree = "<group>"; };
		EAE79C5F2AA40A98009585E1 /* EssentialFeed.framework */ = {isa = PBXFileReference; explicitFileType = wrapper.framework; includeInIndex = 0; path = EssentialFeed.framework; sourceTree = BUILT_PRODUCTS_DIR; };
		EAE79C622AA40A98009585E1 /* EssentialFeed.h */ = {isa = PBXFileReference; lastKnownFileType = sourcecode.c.h; path = EssentialFeed.h; sourceTree = "<group>"; };
		EAE79C672AA40A99009585E1 /* EssentialFeedTests.xctest */ = {isa = PBXFileReference; explicitFileType = wrapper.cfbundle; includeInIndex = 0; path = EssentialFeedTests.xctest; sourceTree = BUILT_PRODUCTS_DIR; };
		EAE79C772AA40AB9009585E1 /* FeedImage.swift */ = {isa = PBXFileReference; lastKnownFileType = sourcecode.swift; path = FeedImage.swift; sourceTree = "<group>"; };
		EAE79C792AA40DD8009585E1 /* FeedLoader.swift */ = {isa = PBXFileReference; lastKnownFileType = sourcecode.swift; path = FeedLoader.swift; sourceTree = "<group>"; };
		EAFF247C2B41F91300252166 /* CoreDataHelpers.swift */ = {isa = PBXFileReference; lastKnownFileType = sourcecode.swift; path = CoreDataHelpers.swift; sourceTree = "<group>"; };
		EAFF247E2B41F97D00252166 /* ManagedCache.swift */ = {isa = PBXFileReference; lastKnownFileType = sourcecode.swift; path = ManagedCache.swift; sourceTree = "<group>"; };
		EAFF24802B41F99300252166 /* ManagedFeedImage.swift */ = {isa = PBXFileReference; lastKnownFileType = sourcecode.swift; path = ManagedFeedImage.swift; sourceTree = "<group>"; };
/* End PBXFileReference section */

/* Begin PBXFrameworksBuildPhase section */
		EA1D13212B45A0E500CE2435 /* Frameworks */ = {
			isa = PBXFrameworksBuildPhase;
			buildActionMask = 2147483647;
			files = (
				EA1D13282B45A0E500CE2435 /* EssentialFeed.framework in Frameworks */,
			);
			runOnlyForDeploymentPostprocessing = 0;
		};
		EA2109832B04FA800052155A /* Frameworks */ = {
			isa = PBXFrameworksBuildPhase;
			buildActionMask = 2147483647;
			files = (
				EA21098A2B04FA800052155A /* EssentialFeed.framework in Frameworks */,
			);
			runOnlyForDeploymentPostprocessing = 0;
		};
		EACF297F2B588D8E00A95B06 /* Frameworks */ = {
			isa = PBXFrameworksBuildPhase;
			buildActionMask = 2147483647;
			files = (
				EAA6A9212B5B07540022A99E /* EssentialFeed.framework in Frameworks */,
			);
			runOnlyForDeploymentPostprocessing = 0;
		};
		EACF29862B588D8E00A95B06 /* Frameworks */ = {
			isa = PBXFrameworksBuildPhase;
			buildActionMask = 2147483647;
			files = (
				EACF298A2B588D8E00A95B06 /* EssentialFeediOS.framework in Frameworks */,
				EAA6A9292B5F3C080022A99E /* EssentialFeed.framework in Frameworks */,
			);
			runOnlyForDeploymentPostprocessing = 0;
		};
		EAE79C5C2AA40A98009585E1 /* Frameworks */ = {
			isa = PBXFrameworksBuildPhase;
			buildActionMask = 2147483647;
			files = (
			);
			runOnlyForDeploymentPostprocessing = 0;
		};
		EAE79C642AA40A99009585E1 /* Frameworks */ = {
			isa = PBXFrameworksBuildPhase;
			buildActionMask = 2147483647;
			files = (
				EAE79C682AA40A99009585E1 /* EssentialFeed.framework in Frameworks */,
			);
			runOnlyForDeploymentPostprocessing = 0;
		};
/* End PBXFrameworksBuildPhase section */

/* Begin PBXGroup section */
		EA157AFD2B0B9CF2004451BD /* Feed Cache */ = {
			isa = PBXGroup;
			children = (
				EA8EDB102B20AA5A00E905B8 /* Helpers */,
				EA157AFE2B0B9D1D004451BD /* CacheFeedUseCaseTests.swift */,
				EA501AF72B348C6200D18295 /* FeedStoreSpecs */,
				EA8EDB0E2B20A95600E905B8 /* LoadFeedFromCacheUseCaseTests.swift */,
				EAB7A6CB2B289ECB00C3CE4E /* ValidateFeedUseCaseTests.swift */,
				EA483A0D2B3CCBD8004BCB8C /* CoreDataFeedStoreTests.swift */,
			);
			path = "Feed Cache";
			sourceTree = "<group>";
		};
		EA1D13252B45A0E500CE2435 /* EssentialFeedCacheIntegrationTests */ = {
			isa = PBXGroup;
			children = (
				EA1D13262B45A0E500CE2435 /* EssentialFeedCacheIntegrationTests.swift */,
			);
			path = EssentialFeedCacheIntegrationTests;
			sourceTree = "<group>";
		};
		EA21097C2B03A4440052155A /* Helpers */ = {
			isa = PBXGroup;
			children = (
				EA21097D2B03A4560052155A /* XCTTestCase+MemoryLeakTracking.swift */,
				EAB7A6CF2B28A2BD00C3CE4E /* SharedTestHelpers.swift */,
			);
			path = Helpers;
			sourceTree = "<group>";
		};
		EA2109872B04FA800052155A /* EssentialFeedAPIEndToEndTests */ = {
			isa = PBXGroup;
			children = (
				EA2109882B04FA800052155A /* EssentialFeedAPIEndToEndTests.swift */,
			);
			path = EssentialFeedAPIEndToEndTests;
			sourceTree = "<group>";
		};
		EA2724B52B14CB5E007DE0DD /* FeedCache */ = {
			isa = PBXGroup;
			children = (
				EAFF24792B41F85400252166 /* Infrastructure */,
				EA2724B62B14CB79007DE0DD /* LocalFeedLoader.swift */,
				EAAACBF02B2C940000D5F059 /* FeedCachePolicy.swift */,
				EA2724B82B14CC4F007DE0DD /* FeedStore.swift */,
				EA2724BC2B14DAD3007DE0DD /* LocalFeedImage.swift */,
			);
			path = FeedCache;
			sourceTree = "<group>";
		};
		EA501AF72B348C6200D18295 /* FeedStoreSpecs */ = {
			isa = PBXGroup;
			children = (
				EA5E8B842B348233008A0260 /* XCTestCase+FeedStoreSpecs.swift */,
				EA501AF12B34866E00D18295 /* XCTestCase+FailableRetrieveFeedStoreSpecs.swift */,
				EA501AF32B348B4B00D18295 /* XCTestCase+FailableInsertFeedStoreSpecs.swift */,
				EA501AF52B348BED00D18295 /* XCTestCase+FailableDeleteFeedStoreSpecs.swift */,
				EA5E8B822B3481B4008A0260 /* FeedStoreSpecs.swift */,
			);
			path = FeedStoreSpecs;
			sourceTree = "<group>";
		};
		EA8EDB102B20AA5A00E905B8 /* Helpers */ = {
			isa = PBXGroup;
			children = (
				EA8EDB112B20AA6800E905B8 /* FeedStoreSpy.swift */,
				EAB7A6CD2B28A1F200C3CE4E /* FeedCacheTestHelpers.swift */,
			);
			path = Helpers;
			sourceTree = "<group>";
		};
		EA9325282AC39EE4008A25F2 /* FeedAPI */ = {
			isa = PBXGroup;
			children = (
				EA9325262AC39EB3008A25F2 /* RemoteFeedLoader.swift */,
				EA21097F2B03B30E0052155A /* URLSessionHTTPClient.swift */,
				EA9AB9882AF6A89C00291284 /* FeedItemMapper.swift */,
				EA2724BA2B14DA93007DE0DD /* RemoteFeedItem.swift */,
				EA9AB9862AF6A83000291284 /* HTTPClient.swift */,
			);
			path = FeedAPI;
			sourceTree = "<group>";
		};
		EA9AB98A2AF6B12200291284 /* FeedAPI */ = {
			isa = PBXGroup;
			children = (
				EA646BEB2AABBDF700279320 /* LoadFeedFromRemoteUseCaseTests.swift */,
				EA9AB98B2AF9292300291284 /* URLSessionHTTPClientTests.swift */,
			);
			path = FeedAPI;
			sourceTree = "<group>";
		};
		EAA6A9202B5B07540022A99E /* Frameworks */ = {
			isa = PBXGroup;
			children = (
			);
			name = Frameworks;
			sourceTree = "<group>";
		};
		EACF29832B588D8E00A95B06 /* EssentialFeediOS */ = {
			isa = PBXGroup;
			children = (
				EAA6A9272B5EBCF60022A99E /* FeedViewController.swift */,
				EAA6A92E2B614C720022A99E /* FeedImageCell.swift */,
			);
			path = EssentialFeediOS;
			sourceTree = "<group>";
		};
		EACF298D2B588D8F00A95B06 /* EssentialFeediOSTests */ = {
			isa = PBXGroup;
			children = (
				EAA6A91E2B5B03710022A99E /* FeedViewControllerTests.swift */,
			);
			path = EssentialFeediOSTests;
			sourceTree = "<group>";
		};
		EAE79C552AA40A98009585E1 = {
			isa = PBXGroup;
			children = (
				EACF29972B588E2900A95B06 /* EssentialFeediOS.xctestplan */,
				EACF297C2B5889C600A95B06 /* EssentialFeedAPIEndToEndTests.xctestplan */,
				EA1D132E2B45A16A00CE2435 /* EssentialFeedCacheIntegrationTests.xctestplan */,
				EA2109912B0501D30052155A /* CI.xctestplan */,
				EACF29982B58917B00A95B06 /* CI_iOS.xctestplan */,
				EA2109812B04F7980052155A /* EssentialFeed.xctestplan */,
				EAE79C612AA40A98009585E1 /* EssentialFeed */,
				EAE79C6B2AA40A99009585E1 /* EssentialFeedTests */,
				EA2109872B04FA800052155A /* EssentialFeedAPIEndToEndTests */,
				EA1D13252B45A0E500CE2435 /* EssentialFeedCacheIntegrationTests */,
				EACF29832B588D8E00A95B06 /* EssentialFeediOS */,
				EACF298D2B588D8F00A95B06 /* EssentialFeediOSTests */,
				EAE79C602AA40A98009585E1 /* Products */,
				EAA6A9202B5B07540022A99E /* Frameworks */,
			);
			sourceTree = "<group>";
		};
		EAE79C602AA40A98009585E1 /* Products */ = {
			isa = PBXGroup;
			children = (
				EAE79C5F2AA40A98009585E1 /* EssentialFeed.framework */,
				EAE79C672AA40A99009585E1 /* EssentialFeedTests.xctest */,
				EA2109862B04FA800052155A /* EssentialFeedAPIEndToEndTests.xctest */,
				EA1D13242B45A0E500CE2435 /* EssentialFeedCacheIntegrationTests.xctest */,
				EACF29822B588D8E00A95B06 /* EssentialFeediOS.framework */,
				EACF29892B588D8E00A95B06 /* EssentialFeediOSTests.xctest */,
			);
			name = Products;
			sourceTree = "<group>";
		};
		EAE79C612AA40A98009585E1 /* EssentialFeed */ = {
			isa = PBXGroup;
			children = (
				EAE79C622AA40A98009585E1 /* EssentialFeed.h */,
				EA2724B52B14CB5E007DE0DD /* FeedCache */,
				EA9325282AC39EE4008A25F2 /* FeedAPI */,
				EAE79C7B2AA40ED7009585E1 /* FeedFeature */,
			);
			path = EssentialFeed;
			sourceTree = "<group>";
		};
		EAE79C6B2AA40A99009585E1 /* EssentialFeedTests */ = {
			isa = PBXGroup;
			children = (
				EA157AFD2B0B9CF2004451BD /* Feed Cache */,
				EA21097C2B03A4440052155A /* Helpers */,
				EA9AB98A2AF6B12200291284 /* FeedAPI */,
			);
			path = EssentialFeedTests;
			sourceTree = "<group>";
		};
		EAE79C7B2AA40ED7009585E1 /* FeedFeature */ = {
			isa = PBXGroup;
			children = (
				EAE79C772AA40AB9009585E1 /* FeedImage.swift */,
				EAE79C792AA40DD8009585E1 /* FeedLoader.swift */,
			);
			path = FeedFeature;
			sourceTree = "<group>";
		};
		EAFF24792B41F85400252166 /* Infrastructure */ = {
			isa = PBXGroup;
			children = (
				EAFF247A2B41F86000252166 /* CoreData */,
			);
			path = Infrastructure;
			sourceTree = "<group>";
		};
		EAFF247A2B41F86000252166 /* CoreData */ = {
			isa = PBXGroup;
			children = (
				EA483A0F2B3CD062004BCB8C /* CoreDataFeedStore.swift */,
				EAFF247C2B41F91300252166 /* CoreDataHelpers.swift */,
				EAFF247E2B41F97D00252166 /* ManagedCache.swift */,
				EAFF24802B41F99300252166 /* ManagedFeedImage.swift */,
				EA483A112B3CD1B8004BCB8C /* FeedStore.xcdatamodeld */,
			);
			path = CoreData;
			sourceTree = "<group>";
		};
/* End PBXGroup section */

/* Begin PBXHeadersBuildPhase section */
		EACF297D2B588D8E00A95B06 /* Headers */ = {
			isa = PBXHeadersBuildPhase;
			buildActionMask = 2147483647;
			files = (
			);
			runOnlyForDeploymentPostprocessing = 0;
		};
		EAE79C5A2AA40A98009585E1 /* Headers */ = {
			isa = PBXHeadersBuildPhase;
			buildActionMask = 2147483647;
			files = (
				EAE79C6E2AA40A99009585E1 /* EssentialFeed.h in Headers */,
			);
			runOnlyForDeploymentPostprocessing = 0;
		};
/* End PBXHeadersBuildPhase section */

/* Begin PBXNativeTarget section */
		EA1D13232B45A0E500CE2435 /* EssentialFeedCacheIntegrationTests */ = {
			isa = PBXNativeTarget;
			buildConfigurationList = EA1D132D2B45A0E500CE2435 /* Build configuration list for PBXNativeTarget "EssentialFeedCacheIntegrationTests" */;
			buildPhases = (
				EA1D13202B45A0E500CE2435 /* Sources */,
				EA1D13212B45A0E500CE2435 /* Frameworks */,
				EA1D13222B45A0E500CE2435 /* Resources */,
			);
			buildRules = (
			);
			dependencies = (
				EA1D132A2B45A0E500CE2435 /* PBXTargetDependency */,
			);
			name = EssentialFeedCacheIntegrationTests;
			productName = EssentialFeedCacheIntegrationTests;
			productReference = EA1D13242B45A0E500CE2435 /* EssentialFeedCacheIntegrationTests.xctest */;
			productType = "com.apple.product-type.bundle.unit-test";
		};
		EA2109852B04FA800052155A /* EssentialFeedAPIEndToEndTests */ = {
			isa = PBXNativeTarget;
			buildConfigurationList = EA21098D2B04FA800052155A /* Build configuration list for PBXNativeTarget "EssentialFeedAPIEndToEndTests" */;
			buildPhases = (
				EA2109822B04FA800052155A /* Sources */,
				EA2109832B04FA800052155A /* Frameworks */,
				EA2109842B04FA800052155A /* Resources */,
			);
			buildRules = (
			);
			dependencies = (
				EA21098C2B04FA800052155A /* PBXTargetDependency */,
			);
			name = EssentialFeedAPIEndToEndTests;
			productName = EssentialFeedAPIEndToEndTests;
			productReference = EA2109862B04FA800052155A /* EssentialFeedAPIEndToEndTests.xctest */;
			productType = "com.apple.product-type.bundle.unit-test";
		};
		EACF29812B588D8E00A95B06 /* EssentialFeediOS */ = {
			isa = PBXNativeTarget;
			buildConfigurationList = EACF29912B588D8F00A95B06 /* Build configuration list for PBXNativeTarget "EssentialFeediOS" */;
			buildPhases = (
				EACF297D2B588D8E00A95B06 /* Headers */,
				EACF297E2B588D8E00A95B06 /* Sources */,
				EACF297F2B588D8E00A95B06 /* Frameworks */,
				EACF29802B588D8E00A95B06 /* Resources */,
				EAA6A9252B5B07540022A99E /* Embed Frameworks */,
			);
			buildRules = (
			);
			dependencies = (
				EAA6A9242B5B07540022A99E /* PBXTargetDependency */,
			);
			name = EssentialFeediOS;
			productName = EssentialFeediOS;
			productReference = EACF29822B588D8E00A95B06 /* EssentialFeediOS.framework */;
			productType = "com.apple.product-type.framework";
		};
		EACF29882B588D8E00A95B06 /* EssentialFeediOSTests */ = {
			isa = PBXNativeTarget;
			buildConfigurationList = EACF29942B588D8F00A95B06 /* Build configuration list for PBXNativeTarget "EssentialFeediOSTests" */;
			buildPhases = (
				EACF29852B588D8E00A95B06 /* Sources */,
				EACF29862B588D8E00A95B06 /* Frameworks */,
				EACF29872B588D8E00A95B06 /* Resources */,
				EAA6A92D2B5F3C080022A99E /* Embed Frameworks */,
			);
			buildRules = (
			);
			dependencies = (
				EACF298C2B588D8E00A95B06 /* PBXTargetDependency */,
				EAA6A92C2B5F3C080022A99E /* PBXTargetDependency */,
			);
			name = EssentialFeediOSTests;
			productName = EssentialFeediOSTests;
			productReference = EACF29892B588D8E00A95B06 /* EssentialFeediOSTests.xctest */;
			productType = "com.apple.product-type.bundle.unit-test";
		};
		EAE79C5E2AA40A98009585E1 /* EssentialFeed */ = {
			isa = PBXNativeTarget;
			buildConfigurationList = EAE79C712AA40A99009585E1 /* Build configuration list for PBXNativeTarget "EssentialFeed" */;
			buildPhases = (
				EAE79C5A2AA40A98009585E1 /* Headers */,
				EAE79C5B2AA40A98009585E1 /* Sources */,
				EAE79C5C2AA40A98009585E1 /* Frameworks */,
				EAE79C5D2AA40A98009585E1 /* Resources */,
			);
			buildRules = (
			);
			dependencies = (
			);
			name = EssentialFeed;
			productName = EssentialFeed;
			productReference = EAE79C5F2AA40A98009585E1 /* EssentialFeed.framework */;
			productType = "com.apple.product-type.framework";
		};
		EAE79C662AA40A99009585E1 /* EssentialFeedTests */ = {
			isa = PBXNativeTarget;
			buildConfigurationList = EAE79C742AA40A99009585E1 /* Build configuration list for PBXNativeTarget "EssentialFeedTests" */;
			buildPhases = (
				EAE79C632AA40A99009585E1 /* Sources */,
				EAE79C642AA40A99009585E1 /* Frameworks */,
				EAE79C652AA40A99009585E1 /* Resources */,
			);
			buildRules = (
			);
			dependencies = (
				EAE79C6A2AA40A99009585E1 /* PBXTargetDependency */,
			);
			name = EssentialFeedTests;
			productName = EssentialFeedTests;
			productReference = EAE79C672AA40A99009585E1 /* EssentialFeedTests.xctest */;
			productType = "com.apple.product-type.bundle.unit-test";
		};
/* End PBXNativeTarget section */

/* Begin PBXProject section */
		EAE79C562AA40A98009585E1 /* Project object */ = {
			isa = PBXProject;
			attributes = {
				BuildIndependentTargetsInParallel = 1;
				LastSwiftUpdateCheck = 1520;
				LastUpgradeCheck = 1500;
				TargetAttributes = {
					EA1D13232B45A0E500CE2435 = {
						CreatedOnToolsVersion = 15.1;
					};
					EA2109852B04FA800052155A = {
						CreatedOnToolsVersion = 15.0.1;
					};
					EACF29812B588D8E00A95B06 = {
						CreatedOnToolsVersion = 15.2;
						LastSwiftMigration = 1520;
					};
					EACF29882B588D8E00A95B06 = {
						CreatedOnToolsVersion = 15.2;
						LastSwiftMigration = 1520;
					};
					EAE79C5E2AA40A98009585E1 = {
						CreatedOnToolsVersion = 14.3.1;
						LastSwiftMigration = 1430;
					};
					EAE79C662AA40A99009585E1 = {
						CreatedOnToolsVersion = 14.3.1;
						LastSwiftMigration = 1430;
					};
				};
			};
			buildConfigurationList = EAE79C592AA40A98009585E1 /* Build configuration list for PBXProject "EssentialFeed" */;
			compatibilityVersion = "Xcode 14.0";
			developmentRegion = en;
			hasScannedForEncodings = 0;
			knownRegions = (
				en,
				Base,
			);
			mainGroup = EAE79C552AA40A98009585E1;
			productRefGroup = EAE79C602AA40A98009585E1 /* Products */;
			projectDirPath = "";
			projectRoot = "";
			targets = (
				EAE79C5E2AA40A98009585E1 /* EssentialFeed */,
				EAE79C662AA40A99009585E1 /* EssentialFeedTests */,
				EA2109852B04FA800052155A /* EssentialFeedAPIEndToEndTests */,
				EA1D13232B45A0E500CE2435 /* EssentialFeedCacheIntegrationTests */,
				EACF29812B588D8E00A95B06 /* EssentialFeediOS */,
				EACF29882B588D8E00A95B06 /* EssentialFeediOSTests */,
			);
		};
/* End PBXProject section */

/* Begin PBXResourcesBuildPhase section */
		EA1D13222B45A0E500CE2435 /* Resources */ = {
			isa = PBXResourcesBuildPhase;
			buildActionMask = 2147483647;
			files = (
			);
			runOnlyForDeploymentPostprocessing = 0;
		};
		EA2109842B04FA800052155A /* Resources */ = {
			isa = PBXResourcesBuildPhase;
			buildActionMask = 2147483647;
			files = (
			);
			runOnlyForDeploymentPostprocessing = 0;
		};
		EACF29802B588D8E00A95B06 /* Resources */ = {
			isa = PBXResourcesBuildPhase;
			buildActionMask = 2147483647;
			files = (
			);
			runOnlyForDeploymentPostprocessing = 0;
		};
		EACF29872B588D8E00A95B06 /* Resources */ = {
			isa = PBXResourcesBuildPhase;
			buildActionMask = 2147483647;
			files = (
			);
			runOnlyForDeploymentPostprocessing = 0;
		};
		EAE79C5D2AA40A98009585E1 /* Resources */ = {
			isa = PBXResourcesBuildPhase;
			buildActionMask = 2147483647;
			files = (
			);
			runOnlyForDeploymentPostprocessing = 0;
		};
		EAE79C652AA40A99009585E1 /* Resources */ = {
			isa = PBXResourcesBuildPhase;
			buildActionMask = 2147483647;
			files = (
			);
			runOnlyForDeploymentPostprocessing = 0;
		};
/* End PBXResourcesBuildPhase section */

/* Begin PBXSourcesBuildPhase section */
		EA1D13202B45A0E500CE2435 /* Sources */ = {
			isa = PBXSourcesBuildPhase;
			buildActionMask = 2147483647;
			files = (
				EA1D13312B45A90F00CE2435 /* SharedTestHelpers.swift in Sources */,
				EA1D132F2B45A70400CE2435 /* XCTTestCase+MemoryLeakTracking.swift in Sources */,
				EA1D13302B45A8E300CE2435 /* FeedCacheTestHelpers.swift in Sources */,
				EA1D13272B45A0E500CE2435 /* EssentialFeedCacheIntegrationTests.swift in Sources */,
			);
			runOnlyForDeploymentPostprocessing = 0;
		};
		EA2109822B04FA800052155A /* Sources */ = {
			isa = PBXSourcesBuildPhase;
			buildActionMask = 2147483647;
			files = (
				EA2109902B05009F0052155A /* XCTTestCase+MemoryLeakTracking.swift in Sources */,
				EA2109892B04FA800052155A /* EssentialFeedAPIEndToEndTests.swift in Sources */,
			);
			runOnlyForDeploymentPostprocessing = 0;
		};
		EACF297E2B588D8E00A95B06 /* Sources */ = {
			isa = PBXSourcesBuildPhase;
			buildActionMask = 2147483647;
			files = (
				EAA6A9282B5EBCF60022A99E /* FeedViewController.swift in Sources */,
				EAA6A92F2B614C720022A99E /* FeedImageCell.swift in Sources */,
			);
			runOnlyForDeploymentPostprocessing = 0;
		};
		EACF29852B588D8E00A95B06 /* Sources */ = {
			isa = PBXSourcesBuildPhase;
			buildActionMask = 2147483647;
			files = (
				EAA6A9262B5B07E40022A99E /* XCTTestCase+MemoryLeakTracking.swift in Sources */,
				EAA6A91F2B5B03710022A99E /* FeedViewControllerTests.swift in Sources */,
			);
			runOnlyForDeploymentPostprocessing = 0;
		};
		EAE79C5B2AA40A98009585E1 /* Sources */ = {
			isa = PBXSourcesBuildPhase;
			buildActionMask = 2147483647;
			files = (
				EAFF247D2B41F91300252166 /* CoreDataHelpers.swift in Sources */,
				EAE79C7A2AA40DD8009585E1 /* FeedLoader.swift in Sources */,
				EABEBDA62B14DCD200AFCA32 /* FeedItemMapper.swift in Sources */,
				EA2724BB2B14DA93007DE0DD /* RemoteFeedItem.swift in Sources */,
				EAAACBF12B2C940000D5F059 /* FeedCachePolicy.swift in Sources */,
				EA9325272AC39EB3008A25F2 /* RemoteFeedLoader.swift in Sources */,
				EA483A132B3CD1B8004BCB8C /* FeedStore.xcdatamodeld in Sources */,
				EA2724BD2B14DAD3007DE0DD /* LocalFeedImage.swift in Sources */,
				EA2724B92B14CC4F007DE0DD /* FeedStore.swift in Sources */,
				EA2724B72B14CB79007DE0DD /* LocalFeedLoader.swift in Sources */,
				EA9AB9872AF6A83000291284 /* HTTPClient.swift in Sources */,
				EAE79C782AA40AB9009585E1 /* FeedImage.swift in Sources */,
				EA2109802B03B30E0052155A /* URLSessionHTTPClient.swift in Sources */,
				EAFF247F2B41F97D00252166 /* ManagedCache.swift in Sources */,
				EA483A102B3CD062004BCB8C /* CoreDataFeedStore.swift in Sources */,
				EAFF24812B41F99300252166 /* ManagedFeedImage.swift in Sources */,
			);
			runOnlyForDeploymentPostprocessing = 0;
		};
		EAE79C632AA40A99009585E1 /* Sources */ = {
			isa = PBXSourcesBuildPhase;
			buildActionMask = 2147483647;
			files = (
				EAB7A6CE2B28A1F200C3CE4E /* FeedCacheTestHelpers.swift in Sources */,
				EA646BEC2AABBDF700279320 /* LoadFeedFromRemoteUseCaseTests.swift in Sources */,
				EA9AB98C2AF9292300291284 /* URLSessionHTTPClientTests.swift in Sources */,
				EA501AF42B348B4B00D18295 /* XCTestCase+FailableInsertFeedStoreSpecs.swift in Sources */,
				EAB7A6CC2B289ECB00C3CE4E /* ValidateFeedUseCaseTests.swift in Sources */,
				EA8EDB122B20AA6800E905B8 /* FeedStoreSpy.swift in Sources */,
				EAB7A6D02B28A2BD00C3CE4E /* SharedTestHelpers.swift in Sources */,
				EA157AFF2B0B9D1D004451BD /* CacheFeedUseCaseTests.swift in Sources */,
				EA501AF62B348BED00D18295 /* XCTestCase+FailableDeleteFeedStoreSpecs.swift in Sources */,
				EA501AF22B34866E00D18295 /* XCTestCase+FailableRetrieveFeedStoreSpecs.swift in Sources */,
				EA8EDB0F2B20A95600E905B8 /* LoadFeedFromCacheUseCaseTests.swift in Sources */,
				EA5E8B832B3481B4008A0260 /* FeedStoreSpecs.swift in Sources */,
				EA21097E2B03A4560052155A /* XCTTestCase+MemoryLeakTracking.swift in Sources */,
				EA483A0E2B3CCBD8004BCB8C /* CoreDataFeedStoreTests.swift in Sources */,
				EA5E8B852B348233008A0260 /* XCTestCase+FeedStoreSpecs.swift in Sources */,
			);
			runOnlyForDeploymentPostprocessing = 0;
		};
/* End PBXSourcesBuildPhase section */

/* Begin PBXTargetDependency section */
		EA1D132A2B45A0E500CE2435 /* PBXTargetDependency */ = {
			isa = PBXTargetDependency;
			target = EAE79C5E2AA40A98009585E1 /* EssentialFeed */;
			targetProxy = EA1D13292B45A0E500CE2435 /* PBXContainerItemProxy */;
		};
		EA21098C2B04FA800052155A /* PBXTargetDependency */ = {
			isa = PBXTargetDependency;
			target = EAE79C5E2AA40A98009585E1 /* EssentialFeed */;
			targetProxy = EA21098B2B04FA800052155A /* PBXContainerItemProxy */;
		};
		EAA6A9242B5B07540022A99E /* PBXTargetDependency */ = {
			isa = PBXTargetDependency;
			platformFilter = ios;
			target = EAE79C5E2AA40A98009585E1 /* EssentialFeed */;
			targetProxy = EAA6A9232B5B07540022A99E /* PBXContainerItemProxy */;
		};
		EAA6A92C2B5F3C080022A99E /* PBXTargetDependency */ = {
			isa = PBXTargetDependency;
			platformFilter = ios;
			target = EAE79C5E2AA40A98009585E1 /* EssentialFeed */;
			targetProxy = EAA6A92B2B5F3C080022A99E /* PBXContainerItemProxy */;
		};
		EACF298C2B588D8E00A95B06 /* PBXTargetDependency */ = {
			isa = PBXTargetDependency;
			target = EACF29812B588D8E00A95B06 /* EssentialFeediOS */;
			targetProxy = EACF298B2B588D8E00A95B06 /* PBXContainerItemProxy */;
		};
		EAE79C6A2AA40A99009585E1 /* PBXTargetDependency */ = {
			isa = PBXTargetDependency;
			target = EAE79C5E2AA40A98009585E1 /* EssentialFeed */;
			targetProxy = EAE79C692AA40A99009585E1 /* PBXContainerItemProxy */;
		};
/* End PBXTargetDependency section */

/* Begin XCBuildConfiguration section */
		EA1D132B2B45A0E500CE2435 /* Debug */ = {
			isa = XCBuildConfiguration;
			buildSettings = {
				CODE_SIGN_STYLE = Automatic;
				CURRENT_PROJECT_VERSION = 1;
				GCC_C_LANGUAGE_STANDARD = gnu17;
				GENERATE_INFOPLIST_FILE = YES;
				IPHONEOS_DEPLOYMENT_TARGET = 16.0;
				LOCALIZATION_PREFERS_STRING_CATALOGS = YES;
				MACOSX_DEPLOYMENT_TARGET = 13.5;
				MARKETING_VERSION = 1.0;
				PRODUCT_BUNDLE_IDENTIFIER = com.nikatms.EssentialFeedCacheIntegrationTests;
				PRODUCT_NAME = "$(TARGET_NAME)";
				SUPPORTED_PLATFORMS = "iphoneos iphonesimulator macosx";
				SUPPORTS_MACCATALYST = NO;
				SUPPORTS_MAC_DESIGNED_FOR_IPHONE_IPAD = NO;
				SUPPORTS_XR_DESIGNED_FOR_IPHONE_IPAD = NO;
				SWIFT_ACTIVE_COMPILATION_CONDITIONS = "DEBUG $(inherited)";
				SWIFT_EMIT_LOC_STRINGS = NO;
				SWIFT_VERSION = 5.0;
				TARGETED_DEVICE_FAMILY = "1,2";
			};
			name = Debug;
		};
		EA1D132C2B45A0E500CE2435 /* Release */ = {
			isa = XCBuildConfiguration;
			buildSettings = {
				CODE_SIGN_STYLE = Automatic;
				CURRENT_PROJECT_VERSION = 1;
				GCC_C_LANGUAGE_STANDARD = gnu17;
				GENERATE_INFOPLIST_FILE = YES;
				IPHONEOS_DEPLOYMENT_TARGET = 16.0;
				LOCALIZATION_PREFERS_STRING_CATALOGS = YES;
				MACOSX_DEPLOYMENT_TARGET = 13.5;
				MARKETING_VERSION = 1.0;
				PRODUCT_BUNDLE_IDENTIFIER = com.nikatms.EssentialFeedCacheIntegrationTests;
				PRODUCT_NAME = "$(TARGET_NAME)";
				SUPPORTED_PLATFORMS = "iphoneos iphonesimulator macosx";
				SUPPORTS_MACCATALYST = NO;
				SUPPORTS_MAC_DESIGNED_FOR_IPHONE_IPAD = NO;
				SUPPORTS_XR_DESIGNED_FOR_IPHONE_IPAD = NO;
				SWIFT_EMIT_LOC_STRINGS = NO;
				SWIFT_VERSION = 5.0;
				TARGETED_DEVICE_FAMILY = "1,2";
			};
			name = Release;
		};
		EA21098E2B04FA800052155A /* Debug */ = {
			isa = XCBuildConfiguration;
			buildSettings = {
				CODE_SIGN_STYLE = Automatic;
				CURRENT_PROJECT_VERSION = 1;
				DEVELOPMENT_TEAM = J752DSQ49Q;
				GCC_C_LANGUAGE_STANDARD = gnu17;
				GENERATE_INFOPLIST_FILE = YES;
				IPHONEOS_DEPLOYMENT_TARGET = 16.0;
				LOCALIZATION_PREFERS_STRING_CATALOGS = YES;
				MACOSX_DEPLOYMENT_TARGET = 13.5;
				MARKETING_VERSION = 1.0;
				PRODUCT_BUNDLE_IDENTIFIER = com.nikatms.EssentialFeedAPIEndToEndTests;
				PRODUCT_NAME = "$(TARGET_NAME)";
				SDKROOT = auto;
				SUPPORTED_PLATFORMS = "iphoneos iphonesimulator macosx";
				SUPPORTS_MACCATALYST = NO;
				SUPPORTS_MAC_DESIGNED_FOR_IPHONE_IPAD = NO;
				SWIFT_ACTIVE_COMPILATION_CONDITIONS = "DEBUG $(inherited)";
				SWIFT_EMIT_LOC_STRINGS = NO;
				SWIFT_VERSION = 5.0;
				TARGETED_DEVICE_FAMILY = "1,2";
			};
			name = Debug;
		};
		EA21098F2B04FA800052155A /* Release */ = {
			isa = XCBuildConfiguration;
			buildSettings = {
				CODE_SIGN_STYLE = Automatic;
				CURRENT_PROJECT_VERSION = 1;
				DEVELOPMENT_TEAM = J752DSQ49Q;
				GCC_C_LANGUAGE_STANDARD = gnu17;
				GENERATE_INFOPLIST_FILE = YES;
				IPHONEOS_DEPLOYMENT_TARGET = 16.0;
				LOCALIZATION_PREFERS_STRING_CATALOGS = YES;
				MACOSX_DEPLOYMENT_TARGET = 13.5;
				MARKETING_VERSION = 1.0;
				PRODUCT_BUNDLE_IDENTIFIER = com.nikatms.EssentialFeedAPIEndToEndTests;
				PRODUCT_NAME = "$(TARGET_NAME)";
				SDKROOT = auto;
				SUPPORTED_PLATFORMS = "iphoneos iphonesimulator macosx";
				SUPPORTS_MACCATALYST = NO;
				SUPPORTS_MAC_DESIGNED_FOR_IPHONE_IPAD = NO;
				SWIFT_EMIT_LOC_STRINGS = NO;
				SWIFT_VERSION = 5.0;
				TARGETED_DEVICE_FAMILY = "1,2";
			};
			name = Release;
		};
		EACF29922B588D8F00A95B06 /* Debug */ = {
			isa = XCBuildConfiguration;
			buildSettings = {
				CLANG_ENABLE_MODULES = YES;
				CODE_SIGN_STYLE = Automatic;
				CURRENT_PROJECT_VERSION = 1;
				DEFINES_MODULE = YES;
				DYLIB_COMPATIBILITY_VERSION = 1;
				DYLIB_CURRENT_VERSION = 1;
				DYLIB_INSTALL_NAME_BASE = "@rpath";
				ENABLE_MODULE_VERIFIER = YES;
				GCC_C_LANGUAGE_STANDARD = gnu17;
				GENERATE_INFOPLIST_FILE = YES;
				INFOPLIST_KEY_NSHumanReadableCopyright = "";
				INSTALL_PATH = "$(LOCAL_LIBRARY_DIR)/Frameworks";
				IPHONEOS_DEPLOYMENT_TARGET = 17.0;
				LD_RUNPATH_SEARCH_PATHS = (
					"$(inherited)",
					"@executable_path/Frameworks",
					"@loader_path/Frameworks",
				);
				LOCALIZATION_PREFERS_STRING_CATALOGS = YES;
				MACOSX_DEPLOYMENT_TARGET = 13.5;
				MARKETING_VERSION = 1.0;
				MODULE_VERIFIER_SUPPORTED_LANGUAGES = "objective-c objective-c++";
				MODULE_VERIFIER_SUPPORTED_LANGUAGE_STANDARDS = "gnu17 gnu++20";
				PRODUCT_BUNDLE_IDENTIFIER = com.nikatms.EssentialFeediOS;
				PRODUCT_NAME = "$(TARGET_NAME:c99extidentifier)";
				SKIP_INSTALL = YES;
				SUPPORTED_PLATFORMS = "iphoneos iphonesimulator";
				SUPPORTS_MACCATALYST = YES;
				SUPPORTS_XR_DESIGNED_FOR_IPHONE_IPAD = NO;
				SWIFT_ACTIVE_COMPILATION_CONDITIONS = "DEBUG $(inherited)";
				SWIFT_EMIT_LOC_STRINGS = YES;
				SWIFT_OPTIMIZATION_LEVEL = "-Onone";
				SWIFT_VERSION = 5.0;
				TARGETED_DEVICE_FAMILY = "1,2";
			};
			name = Debug;
		};
		EACF29932B588D8F00A95B06 /* Release */ = {
			isa = XCBuildConfiguration;
			buildSettings = {
				CLANG_ENABLE_MODULES = YES;
				CODE_SIGN_STYLE = Automatic;
				CURRENT_PROJECT_VERSION = 1;
				DEFINES_MODULE = YES;
				DYLIB_COMPATIBILITY_VERSION = 1;
				DYLIB_CURRENT_VERSION = 1;
				DYLIB_INSTALL_NAME_BASE = "@rpath";
				ENABLE_MODULE_VERIFIER = YES;
				GCC_C_LANGUAGE_STANDARD = gnu17;
				GENERATE_INFOPLIST_FILE = YES;
				INFOPLIST_KEY_NSHumanReadableCopyright = "";
				INSTALL_PATH = "$(LOCAL_LIBRARY_DIR)/Frameworks";
				IPHONEOS_DEPLOYMENT_TARGET = 17.0;
				LD_RUNPATH_SEARCH_PATHS = (
					"$(inherited)",
					"@executable_path/Frameworks",
					"@loader_path/Frameworks",
				);
				LOCALIZATION_PREFERS_STRING_CATALOGS = YES;
				MACOSX_DEPLOYMENT_TARGET = 13.5;
				MARKETING_VERSION = 1.0;
				MODULE_VERIFIER_SUPPORTED_LANGUAGES = "objective-c objective-c++";
				MODULE_VERIFIER_SUPPORTED_LANGUAGE_STANDARDS = "gnu17 gnu++20";
				PRODUCT_BUNDLE_IDENTIFIER = com.nikatms.EssentialFeediOS;
				PRODUCT_NAME = "$(TARGET_NAME:c99extidentifier)";
				SKIP_INSTALL = YES;
				SUPPORTED_PLATFORMS = "iphoneos iphonesimulator";
				SUPPORTS_MACCATALYST = YES;
				SUPPORTS_XR_DESIGNED_FOR_IPHONE_IPAD = NO;
				SWIFT_EMIT_LOC_STRINGS = YES;
				SWIFT_VERSION = 5.0;
				TARGETED_DEVICE_FAMILY = "1,2";
			};
			name = Release;
		};
		EACF29952B588D8F00A95B06 /* Debug */ = {
			isa = XCBuildConfiguration;
			buildSettings = {
				ALWAYS_EMBED_SWIFT_STANDARD_LIBRARIES = YES;
				CLANG_ENABLE_MODULES = YES;
				CODE_SIGN_STYLE = Automatic;
				CURRENT_PROJECT_VERSION = 1;
				GCC_C_LANGUAGE_STANDARD = gnu17;
				GENERATE_INFOPLIST_FILE = YES;
				IPHONEOS_DEPLOYMENT_TARGET = 17.0;
				LOCALIZATION_PREFERS_STRING_CATALOGS = YES;
				MACOSX_DEPLOYMENT_TARGET = 13.5;
				MARKETING_VERSION = 1.0;
				PRODUCT_BUNDLE_IDENTIFIER = com.nikatms.EssentialFeediOSTests;
				PRODUCT_NAME = "$(TARGET_NAME)";
				SUPPORTED_PLATFORMS = "iphoneos iphonesimulator";
				SUPPORTS_MACCATALYST = YES;
				SUPPORTS_XR_DESIGNED_FOR_IPHONE_IPAD = NO;
				SWIFT_ACTIVE_COMPILATION_CONDITIONS = "DEBUG $(inherited)";
				SWIFT_EMIT_LOC_STRINGS = NO;
				SWIFT_OPTIMIZATION_LEVEL = "-Onone";
				SWIFT_VERSION = 5.0;
				TARGETED_DEVICE_FAMILY = "1,2";
			};
			name = Debug;
		};
		EACF29962B588D8F00A95B06 /* Release */ = {
			isa = XCBuildConfiguration;
			buildSettings = {
				ALWAYS_EMBED_SWIFT_STANDARD_LIBRARIES = YES;
				CLANG_ENABLE_MODULES = YES;
				CODE_SIGN_STYLE = Automatic;
				CURRENT_PROJECT_VERSION = 1;
				GCC_C_LANGUAGE_STANDARD = gnu17;
				GENERATE_INFOPLIST_FILE = YES;
				IPHONEOS_DEPLOYMENT_TARGET = 17.0;
				LOCALIZATION_PREFERS_STRING_CATALOGS = YES;
				MACOSX_DEPLOYMENT_TARGET = 13.5;
				MARKETING_VERSION = 1.0;
				PRODUCT_BUNDLE_IDENTIFIER = com.nikatms.EssentialFeediOSTests;
				PRODUCT_NAME = "$(TARGET_NAME)";
				SUPPORTED_PLATFORMS = "iphoneos iphonesimulator";
				SUPPORTS_MACCATALYST = YES;
				SUPPORTS_XR_DESIGNED_FOR_IPHONE_IPAD = NO;
				SWIFT_EMIT_LOC_STRINGS = NO;
				SWIFT_VERSION = 5.0;
				TARGETED_DEVICE_FAMILY = "1,2";
			};
			name = Release;
		};
		EAE79C6F2AA40A99009585E1 /* Debug */ = {
			isa = XCBuildConfiguration;
			buildSettings = {
				ALWAYS_SEARCH_USER_PATHS = NO;
				ASSETCATALOG_COMPILER_GENERATE_SWIFT_ASSET_SYMBOL_EXTENSIONS = YES;
				CLANG_ANALYZER_NONNULL = YES;
				CLANG_ANALYZER_NUMBER_OBJECT_CONVERSION = YES_AGGRESSIVE;
				CLANG_CXX_LANGUAGE_STANDARD = "gnu++20";
				CLANG_ENABLE_MODULES = YES;
				CLANG_ENABLE_OBJC_ARC = YES;
				CLANG_ENABLE_OBJC_WEAK = YES;
				CLANG_WARN_BLOCK_CAPTURE_AUTORELEASING = YES;
				CLANG_WARN_BOOL_CONVERSION = YES;
				CLANG_WARN_COMMA = YES;
				CLANG_WARN_CONSTANT_CONVERSION = YES;
				CLANG_WARN_DEPRECATED_OBJC_IMPLEMENTATIONS = YES;
				CLANG_WARN_DIRECT_OBJC_ISA_USAGE = YES_ERROR;
				CLANG_WARN_DOCUMENTATION_COMMENTS = YES;
				CLANG_WARN_EMPTY_BODY = YES;
				CLANG_WARN_ENUM_CONVERSION = YES;
				CLANG_WARN_INFINITE_RECURSION = YES;
				CLANG_WARN_INT_CONVERSION = YES;
				CLANG_WARN_NON_LITERAL_NULL_CONVERSION = YES;
				CLANG_WARN_OBJC_IMPLICIT_RETAIN_SELF = YES;
				CLANG_WARN_OBJC_LITERAL_CONVERSION = YES;
				CLANG_WARN_OBJC_ROOT_CLASS = YES_ERROR;
				CLANG_WARN_QUOTED_INCLUDE_IN_FRAMEWORK_HEADER = YES;
				CLANG_WARN_RANGE_LOOP_ANALYSIS = YES;
				CLANG_WARN_STRICT_PROTOTYPES = YES;
				CLANG_WARN_SUSPICIOUS_MOVE = YES;
				CLANG_WARN_UNGUARDED_AVAILABILITY = YES_AGGRESSIVE;
				CLANG_WARN_UNREACHABLE_CODE = YES;
				CLANG_WARN__DUPLICATE_METHOD_MATCH = YES;
				COPY_PHASE_STRIP = NO;
				CURRENT_PROJECT_VERSION = 1;
				DEBUG_INFORMATION_FORMAT = dwarf;
				ENABLE_STRICT_OBJC_MSGSEND = YES;
				ENABLE_TESTABILITY = YES;
				ENABLE_USER_SCRIPT_SANDBOXING = YES;
				GCC_C_LANGUAGE_STANDARD = gnu11;
				GCC_DYNAMIC_NO_PIC = NO;
				GCC_NO_COMMON_BLOCKS = YES;
				GCC_OPTIMIZATION_LEVEL = 0;
				GCC_PREPROCESSOR_DEFINITIONS = (
					"DEBUG=1",
					"$(inherited)",
				);
				GCC_WARN_64_TO_32_BIT_CONVERSION = YES;
				GCC_WARN_ABOUT_RETURN_TYPE = YES_ERROR;
				GCC_WARN_UNDECLARED_SELECTOR = YES;
				GCC_WARN_UNINITIALIZED_AUTOS = YES_AGGRESSIVE;
				GCC_WARN_UNUSED_FUNCTION = YES;
				GCC_WARN_UNUSED_VARIABLE = YES;
				IPHONEOS_DEPLOYMENT_TARGET = 16.4;
				MTL_ENABLE_DEBUG_INFO = INCLUDE_SOURCE;
				MTL_FAST_MATH = YES;
				ONLY_ACTIVE_ARCH = YES;
				SDKROOT = iphoneos;
				SWIFT_ACTIVE_COMPILATION_CONDITIONS = DEBUG;
				SWIFT_OPTIMIZATION_LEVEL = "-Onone";
				VERSIONING_SYSTEM = "apple-generic";
				VERSION_INFO_PREFIX = "";
			};
			name = Debug;
		};
		EAE79C702AA40A99009585E1 /* Release */ = {
			isa = XCBuildConfiguration;
			buildSettings = {
				ALWAYS_SEARCH_USER_PATHS = NO;
				ASSETCATALOG_COMPILER_GENERATE_SWIFT_ASSET_SYMBOL_EXTENSIONS = YES;
				CLANG_ANALYZER_NONNULL = YES;
				CLANG_ANALYZER_NUMBER_OBJECT_CONVERSION = YES_AGGRESSIVE;
				CLANG_CXX_LANGUAGE_STANDARD = "gnu++20";
				CLANG_ENABLE_MODULES = YES;
				CLANG_ENABLE_OBJC_ARC = YES;
				CLANG_ENABLE_OBJC_WEAK = YES;
				CLANG_WARN_BLOCK_CAPTURE_AUTORELEASING = YES;
				CLANG_WARN_BOOL_CONVERSION = YES;
				CLANG_WARN_COMMA = YES;
				CLANG_WARN_CONSTANT_CONVERSION = YES;
				CLANG_WARN_DEPRECATED_OBJC_IMPLEMENTATIONS = YES;
				CLANG_WARN_DIRECT_OBJC_ISA_USAGE = YES_ERROR;
				CLANG_WARN_DOCUMENTATION_COMMENTS = YES;
				CLANG_WARN_EMPTY_BODY = YES;
				CLANG_WARN_ENUM_CONVERSION = YES;
				CLANG_WARN_INFINITE_RECURSION = YES;
				CLANG_WARN_INT_CONVERSION = YES;
				CLANG_WARN_NON_LITERAL_NULL_CONVERSION = YES;
				CLANG_WARN_OBJC_IMPLICIT_RETAIN_SELF = YES;
				CLANG_WARN_OBJC_LITERAL_CONVERSION = YES;
				CLANG_WARN_OBJC_ROOT_CLASS = YES_ERROR;
				CLANG_WARN_QUOTED_INCLUDE_IN_FRAMEWORK_HEADER = YES;
				CLANG_WARN_RANGE_LOOP_ANALYSIS = YES;
				CLANG_WARN_STRICT_PROTOTYPES = YES;
				CLANG_WARN_SUSPICIOUS_MOVE = YES;
				CLANG_WARN_UNGUARDED_AVAILABILITY = YES_AGGRESSIVE;
				CLANG_WARN_UNREACHABLE_CODE = YES;
				CLANG_WARN__DUPLICATE_METHOD_MATCH = YES;
				COPY_PHASE_STRIP = NO;
				CURRENT_PROJECT_VERSION = 1;
				DEBUG_INFORMATION_FORMAT = "dwarf-with-dsym";
				ENABLE_NS_ASSERTIONS = NO;
				ENABLE_STRICT_OBJC_MSGSEND = YES;
				ENABLE_USER_SCRIPT_SANDBOXING = YES;
				GCC_C_LANGUAGE_STANDARD = gnu11;
				GCC_NO_COMMON_BLOCKS = YES;
				GCC_WARN_64_TO_32_BIT_CONVERSION = YES;
				GCC_WARN_ABOUT_RETURN_TYPE = YES_ERROR;
				GCC_WARN_UNDECLARED_SELECTOR = YES;
				GCC_WARN_UNINITIALIZED_AUTOS = YES_AGGRESSIVE;
				GCC_WARN_UNUSED_FUNCTION = YES;
				GCC_WARN_UNUSED_VARIABLE = YES;
				IPHONEOS_DEPLOYMENT_TARGET = 16.4;
				MTL_ENABLE_DEBUG_INFO = NO;
				MTL_FAST_MATH = YES;
				SDKROOT = iphoneos;
				SWIFT_COMPILATION_MODE = wholemodule;
				SWIFT_OPTIMIZATION_LEVEL = "-O";
				VALIDATE_PRODUCT = YES;
				VERSIONING_SYSTEM = "apple-generic";
				VERSION_INFO_PREFIX = "";
			};
			name = Release;
		};
		EAE79C722AA40A99009585E1 /* Debug */ = {
			isa = XCBuildConfiguration;
			buildSettings = {
				CLANG_ENABLE_MODULES = YES;
				CODE_SIGN_IDENTITY = "";
				CODE_SIGN_STYLE = Automatic;
				CURRENT_PROJECT_VERSION = 1;
				DEFINES_MODULE = YES;
				DEVELOPMENT_TEAM = J752DSQ49Q;
				DYLIB_COMPATIBILITY_VERSION = 1;
				DYLIB_CURRENT_VERSION = 1;
				DYLIB_INSTALL_NAME_BASE = "@rpath";
				ENABLE_MODULE_VERIFIER = YES;
				GENERATE_INFOPLIST_FILE = YES;
				INFOPLIST_KEY_NSHumanReadableCopyright = "";
				INSTALL_PATH = "$(LOCAL_LIBRARY_DIR)/Frameworks";
				IPHONEOS_DEPLOYMENT_TARGET = 16.0;
				LD_RUNPATH_SEARCH_PATHS = (
					"$(inherited)",
					"@executable_path/Frameworks",
					"@loader_path/Frameworks",
				);
				MACOSX_DEPLOYMENT_TARGET = 13.5;
				MARKETING_VERSION = 1.0;
				MODULE_VERIFIER_SUPPORTED_LANGUAGES = "objective-c objective-c++";
				MODULE_VERIFIER_SUPPORTED_LANGUAGE_STANDARDS = "gnu11 gnu++20";
				PRODUCT_BUNDLE_IDENTIFIER = com.nikatms.EssentialFeed;
				PRODUCT_NAME = "$(TARGET_NAME:c99extidentifier)";
				SKIP_INSTALL = YES;
				SUPPORTED_PLATFORMS = "iphoneos iphonesimulator macosx";
				SUPPORTS_MACCATALYST = NO;
				SUPPORTS_MAC_DESIGNED_FOR_IPHONE_IPAD = NO;
				SUPPORTS_XR_DESIGNED_FOR_IPHONE_IPAD = NO;
				SWIFT_EMIT_LOC_STRINGS = YES;
				SWIFT_OPTIMIZATION_LEVEL = "-Onone";
				SWIFT_VERSION = 5.0;
				TARGETED_DEVICE_FAMILY = 1;
			};
			name = Debug;
		};
		EAE79C732AA40A99009585E1 /* Release */ = {
			isa = XCBuildConfiguration;
			buildSettings = {
				CLANG_ENABLE_MODULES = YES;
				CODE_SIGN_IDENTITY = "";
				CODE_SIGN_STYLE = Automatic;
				CURRENT_PROJECT_VERSION = 1;
				DEFINES_MODULE = YES;
				DEVELOPMENT_TEAM = J752DSQ49Q;
				DYLIB_COMPATIBILITY_VERSION = 1;
				DYLIB_CURRENT_VERSION = 1;
				DYLIB_INSTALL_NAME_BASE = "@rpath";
				ENABLE_MODULE_VERIFIER = YES;
				GENERATE_INFOPLIST_FILE = YES;
				INFOPLIST_KEY_NSHumanReadableCopyright = "";
				INSTALL_PATH = "$(LOCAL_LIBRARY_DIR)/Frameworks";
				IPHONEOS_DEPLOYMENT_TARGET = 16.0;
				LD_RUNPATH_SEARCH_PATHS = (
					"$(inherited)",
					"@executable_path/Frameworks",
					"@loader_path/Frameworks",
				);
				MACOSX_DEPLOYMENT_TARGET = 13.5;
				MARKETING_VERSION = 1.0;
				MODULE_VERIFIER_SUPPORTED_LANGUAGES = "objective-c objective-c++";
				MODULE_VERIFIER_SUPPORTED_LANGUAGE_STANDARDS = "gnu11 gnu++20";
				PRODUCT_BUNDLE_IDENTIFIER = com.nikatms.EssentialFeed;
				PRODUCT_NAME = "$(TARGET_NAME:c99extidentifier)";
				SKIP_INSTALL = YES;
				SUPPORTED_PLATFORMS = "iphoneos iphonesimulator macosx";
				SUPPORTS_MACCATALYST = NO;
				SUPPORTS_MAC_DESIGNED_FOR_IPHONE_IPAD = NO;
				SUPPORTS_XR_DESIGNED_FOR_IPHONE_IPAD = NO;
				SWIFT_EMIT_LOC_STRINGS = YES;
				SWIFT_VERSION = 5.0;
				TARGETED_DEVICE_FAMILY = 1;
			};
			name = Release;
		};
		EAE79C752AA40A99009585E1 /* Debug */ = {
			isa = XCBuildConfiguration;
			buildSettings = {
				ALWAYS_EMBED_SWIFT_STANDARD_LIBRARIES = YES;
				CLANG_ENABLE_MODULES = YES;
				CODE_SIGN_STYLE = Automatic;
				CURRENT_PROJECT_VERSION = 1;
				DEVELOPMENT_TEAM = J752DSQ49Q;
				GENERATE_INFOPLIST_FILE = YES;
				IPHONEOS_DEPLOYMENT_TARGET = 16.0;
				MACOSX_DEPLOYMENT_TARGET = 13.5;
				MARKETING_VERSION = 1.0;
				PRODUCT_BUNDLE_IDENTIFIER = com.nikatms.EssentialFeedTests;
				PRODUCT_NAME = "$(TARGET_NAME)";
				SUPPORTED_PLATFORMS = "iphoneos iphonesimulator macosx";
				SUPPORTS_MACCATALYST = NO;
				SUPPORTS_MAC_DESIGNED_FOR_IPHONE_IPAD = NO;
				SUPPORTS_XR_DESIGNED_FOR_IPHONE_IPAD = NO;
				SWIFT_EMIT_LOC_STRINGS = NO;
				SWIFT_OPTIMIZATION_LEVEL = "-Onone";
				SWIFT_VERSION = 5.0;
				TARGETED_DEVICE_FAMILY = "1,2";
			};
			name = Debug;
		};
		EAE79C762AA40A99009585E1 /* Release */ = {
			isa = XCBuildConfiguration;
			buildSettings = {
				ALWAYS_EMBED_SWIFT_STANDARD_LIBRARIES = YES;
				CLANG_ENABLE_MODULES = YES;
				CODE_SIGN_STYLE = Automatic;
				CURRENT_PROJECT_VERSION = 1;
				DEVELOPMENT_TEAM = J752DSQ49Q;
				GENERATE_INFOPLIST_FILE = YES;
				IPHONEOS_DEPLOYMENT_TARGET = 16.0;
				MACOSX_DEPLOYMENT_TARGET = 13.5;
				MARKETING_VERSION = 1.0;
				PRODUCT_BUNDLE_IDENTIFIER = com.nikatms.EssentialFeedTests;
				PRODUCT_NAME = "$(TARGET_NAME)";
				SUPPORTED_PLATFORMS = "iphoneos iphonesimulator macosx";
				SUPPORTS_MACCATALYST = NO;
				SUPPORTS_MAC_DESIGNED_FOR_IPHONE_IPAD = NO;
				SUPPORTS_XR_DESIGNED_FOR_IPHONE_IPAD = NO;
				SWIFT_EMIT_LOC_STRINGS = NO;
				SWIFT_VERSION = 5.0;
				TARGETED_DEVICE_FAMILY = "1,2";
			};
			name = Release;
		};
/* End XCBuildConfiguration section */

/* Begin XCConfigurationList section */
		EA1D132D2B45A0E500CE2435 /* Build configuration list for PBXNativeTarget "EssentialFeedCacheIntegrationTests" */ = {
			isa = XCConfigurationList;
			buildConfigurations = (
				EA1D132B2B45A0E500CE2435 /* Debug */,
				EA1D132C2B45A0E500CE2435 /* Release */,
			);
			defaultConfigurationIsVisible = 0;
			defaultConfigurationName = Release;
		};
		EA21098D2B04FA800052155A /* Build configuration list for PBXNativeTarget "EssentialFeedAPIEndToEndTests" */ = {
			isa = XCConfigurationList;
			buildConfigurations = (
				EA21098E2B04FA800052155A /* Debug */,
				EA21098F2B04FA800052155A /* Release */,
			);
			defaultConfigurationIsVisible = 0;
			defaultConfigurationName = Release;
		};
		EACF29912B588D8F00A95B06 /* Build configuration list for PBXNativeTarget "EssentialFeediOS" */ = {
			isa = XCConfigurationList;
			buildConfigurations = (
				EACF29922B588D8F00A95B06 /* Debug */,
				EACF29932B588D8F00A95B06 /* Release */,
			);
			defaultConfigurationIsVisible = 0;
			defaultConfigurationName = Release;
		};
		EACF29942B588D8F00A95B06 /* Build configuration list for PBXNativeTarget "EssentialFeediOSTests" */ = {
			isa = XCConfigurationList;
			buildConfigurations = (
				EACF29952B588D8F00A95B06 /* Debug */,
				EACF29962B588D8F00A95B06 /* Release */,
			);
			defaultConfigurationIsVisible = 0;
			defaultConfigurationName = Release;
		};
		EAE79C592AA40A98009585E1 /* Build configuration list for PBXProject "EssentialFeed" */ = {
			isa = XCConfigurationList;
			buildConfigurations = (
				EAE79C6F2AA40A99009585E1 /* Debug */,
				EAE79C702AA40A99009585E1 /* Release */,
			);
			defaultConfigurationIsVisible = 0;
			defaultConfigurationName = Release;
		};
		EAE79C712AA40A99009585E1 /* Build configuration list for PBXNativeTarget "EssentialFeed" */ = {
			isa = XCConfigurationList;
			buildConfigurations = (
				EAE79C722AA40A99009585E1 /* Debug */,
				EAE79C732AA40A99009585E1 /* Release */,
			);
			defaultConfigurationIsVisible = 0;
			defaultConfigurationName = Release;
		};
		EAE79C742AA40A99009585E1 /* Build configuration list for PBXNativeTarget "EssentialFeedTests" */ = {
			isa = XCConfigurationList;
			buildConfigurations = (
				EAE79C752AA40A99009585E1 /* Debug */,
				EAE79C762AA40A99009585E1 /* Release */,
			);
			defaultConfigurationIsVisible = 0;
			defaultConfigurationName = Release;
		};
/* End XCConfigurationList section */

/* Begin XCVersionGroup section */
		EA483A112B3CD1B8004BCB8C /* FeedStore.xcdatamodeld */ = {
			isa = XCVersionGroup;
			children = (
				EA483A122B3CD1B8004BCB8C /* FeedStore.xcdatamodel */,
			);
			currentVersion = EA483A122B3CD1B8004BCB8C /* FeedStore.xcdatamodel */;
			path = FeedStore.xcdatamodeld;
			sourceTree = "<group>";
			versionGroupType = wrapper.xcdatamodel;
		};
/* End XCVersionGroup section */
	};
	rootObject = EAE79C562AA40A98009585E1 /* Project object */;
}
