// !$*UTF8*$!
{
	archiveVersion = 1;
	classes = {
	};
	objectVersion = 56;
	objects = {

/* Begin PBXBuildFile section */
		EA0C47822C11DBD0005514E5 /* FeedLoaderStub.swift in Sources */ = {isa = PBXBuildFile; fileRef = EA0C47812C11DBD0005514E5 /* FeedLoaderStub.swift */; };
		EA0C47842C11DCB7005514E5 /* XCTestCase+FeedLoader.swift in Sources */ = {isa = PBXBuildFile; fileRef = EA0C47832C11DCB7005514E5 /* XCTestCase+FeedLoader.swift */; };
		EA1EC9E02BFF73D0007F962B /* AppDelegate.swift in Sources */ = {isa = PBXBuildFile; fileRef = EA1EC9DF2BFF73D0007F962B /* AppDelegate.swift */; };
		EA1EC9E22BFF73D0007F962B /* SceneDelegate.swift in Sources */ = {isa = PBXBuildFile; fileRef = EA1EC9E12BFF73D0007F962B /* SceneDelegate.swift */; };
		EA1EC9E42BFF73D0007F962B /* ViewController.swift in Sources */ = {isa = PBXBuildFile; fileRef = EA1EC9E32BFF73D0007F962B /* ViewController.swift */; };
		EA1EC9E72BFF73D0007F962B /* Base in Resources */ = {isa = PBXBuildFile; fileRef = EA1EC9E62BFF73D0007F962B /* Base */; };
		EA1EC9E92BFF73D1007F962B /* Assets.xcassets in Resources */ = {isa = PBXBuildFile; fileRef = EA1EC9E82BFF73D1007F962B /* Assets.xcassets */; };
		EA1EC9EC2BFF73D1007F962B /* Base in Resources */ = {isa = PBXBuildFile; fileRef = EA1EC9EB2BFF73D1007F962B /* Base */; };
		EA1ECA012BFF73D1007F962B /* EssentialAppUITests.swift in Sources */ = {isa = PBXBuildFile; fileRef = EA1ECA002BFF73D1007F962B /* EssentialAppUITests.swift */; };
		EA1ECA032BFF73D1007F962B /* EssentialAppUITestsLaunchTests.swift in Sources */ = {isa = PBXBuildFile; fileRef = EA1ECA022BFF73D1007F962B /* EssentialAppUITestsLaunchTests.swift */; };
		EA1FA6442C1085AD006244A5 /* FeedImageDataLoaderWithFallbackCompositeTests.swift in Sources */ = {isa = PBXBuildFile; fileRef = EA1FA6432C1085AD006244A5 /* FeedImageDataLoaderWithFallbackCompositeTests.swift */; };
		EA1FA6462C10A6DB006244A5 /* FeedImageDataLoaderWithFallbackComposite.swift in Sources */ = {isa = PBXBuildFile; fileRef = EA1FA6452C10A6DB006244A5 /* FeedImageDataLoaderWithFallbackComposite.swift */; };
		EA1FA6492C10A73E006244A5 /* XCTestCase+MemoryLeakTracking.swift in Sources */ = {isa = PBXBuildFile; fileRef = EA1FA6482C10A73E006244A5 /* XCTestCase+MemoryLeakTracking.swift */; };
		EA1FA64B2C10A7A6006244A5 /* SharedTestHelpers.swift in Sources */ = {isa = PBXBuildFile; fileRef = EA1FA64A2C10A7A6006244A5 /* SharedTestHelpers.swift */; };
		EA66C17D2C0A021A0057E350 /* FeedLoaderWithFallbackCompositeTests.swift in Sources */ = {isa = PBXBuildFile; fileRef = EA66C17C2C0A021A0057E350 /* FeedLoaderWithFallbackCompositeTests.swift */; };
		EABF5D6B2BFF761500B5D169 /* EssentialFeed.framework in Frameworks */ = {isa = PBXBuildFile; fileRef = EABF5D692BFF761500B5D169 /* EssentialFeed.framework */; };
		EABF5D6C2BFF761500B5D169 /* EssentialFeed.framework in Embed Frameworks */ = {isa = PBXBuildFile; fileRef = EABF5D692BFF761500B5D169 /* EssentialFeed.framework */; settings = {ATTRIBUTES = (CodeSignOnCopy, RemoveHeadersOnCopy, ); }; };
		EABF5D6D2BFF761500B5D169 /* EssentialFeediOS.framework in Frameworks */ = {isa = PBXBuildFile; fileRef = EABF5D6A2BFF761500B5D169 /* EssentialFeediOS.framework */; };
		EABF5D6E2BFF761500B5D169 /* EssentialFeediOS.framework in Embed Frameworks */ = {isa = PBXBuildFile; fileRef = EABF5D6A2BFF761500B5D169 /* EssentialFeediOS.framework */; settings = {ATTRIBUTES = (CodeSignOnCopy, RemoveHeadersOnCopy, ); }; };
		EAC2A9F12C11DA170040255A /* FeedLoaderCacheDecoratorTests.swift in Sources */ = {isa = PBXBuildFile; fileRef = EAC2A9F02C11DA170040255A /* FeedLoaderCacheDecoratorTests.swift */; };
		EADF3E6C2C0F4E9400967A71 /* FeedLoaderWithFallbackComposite.swift in Sources */ = {isa = PBXBuildFile; fileRef = EADF3E6B2C0F4E9400967A71 /* FeedLoaderWithFallbackComposite.swift */; };
/* End PBXBuildFile section */

/* Begin PBXContainerItemProxy section */
		EA1EC9F32BFF73D1007F962B /* PBXContainerItemProxy */ = {
			isa = PBXContainerItemProxy;
			containerPortal = EA1EC9D42BFF73D0007F962B /* Project object */;
			proxyType = 1;
			remoteGlobalIDString = EA1EC9DB2BFF73D0007F962B;
			remoteInfo = EssentialApp;
		};
		EA1EC9FD2BFF73D1007F962B /* PBXContainerItemProxy */ = {
			isa = PBXContainerItemProxy;
			containerPortal = EA1EC9D42BFF73D0007F962B /* Project object */;
			proxyType = 1;
			remoteGlobalIDString = EA1EC9DB2BFF73D0007F962B;
			remoteInfo = EssentialApp;
		};
/* End PBXContainerItemProxy section */

/* Begin PBXCopyFilesBuildPhase section */
		EABF5D6F2BFF761500B5D169 /* Embed Frameworks */ = {
			isa = PBXCopyFilesBuildPhase;
			buildActionMask = 2147483647;
			dstPath = "";
			dstSubfolderSpec = 10;
			files = (
				EABF5D6C2BFF761500B5D169 /* EssentialFeed.framework in Embed Frameworks */,
				EABF5D6E2BFF761500B5D169 /* EssentialFeediOS.framework in Embed Frameworks */,
			);
			name = "Embed Frameworks";
			runOnlyForDeploymentPostprocessing = 0;
		};
/* End PBXCopyFilesBuildPhase section */

/* Begin PBXFileReference section */
		EA0C47812C11DBD0005514E5 /* FeedLoaderStub.swift */ = {isa = PBXFileReference; lastKnownFileType = sourcecode.swift; path = FeedLoaderStub.swift; sourceTree = "<group>"; };
		EA0C47832C11DCB7005514E5 /* XCTestCase+FeedLoader.swift */ = {isa = PBXFileReference; lastKnownFileType = sourcecode.swift; path = "XCTestCase+FeedLoader.swift"; sourceTree = "<group>"; };
		EA1EC9DC2BFF73D0007F962B /* EssentialApp.app */ = {isa = PBXFileReference; explicitFileType = wrapper.application; includeInIndex = 0; path = EssentialApp.app; sourceTree = BUILT_PRODUCTS_DIR; };
		EA1EC9DF2BFF73D0007F962B /* AppDelegate.swift */ = {isa = PBXFileReference; lastKnownFileType = sourcecode.swift; path = AppDelegate.swift; sourceTree = "<group>"; };
		EA1EC9E12BFF73D0007F962B /* SceneDelegate.swift */ = {isa = PBXFileReference; lastKnownFileType = sourcecode.swift; path = SceneDelegate.swift; sourceTree = "<group>"; };
		EA1EC9E32BFF73D0007F962B /* ViewController.swift */ = {isa = PBXFileReference; lastKnownFileType = sourcecode.swift; path = ViewController.swift; sourceTree = "<group>"; };
		EA1EC9E62BFF73D0007F962B /* Base */ = {isa = PBXFileReference; lastKnownFileType = file.storyboard; name = Base; path = Base.lproj/Main.storyboard; sourceTree = "<group>"; };
		EA1EC9E82BFF73D1007F962B /* Assets.xcassets */ = {isa = PBXFileReference; lastKnownFileType = folder.assetcatalog; path = Assets.xcassets; sourceTree = "<group>"; };
		EA1EC9EB2BFF73D1007F962B /* Base */ = {isa = PBXFileReference; lastKnownFileType = file.storyboard; name = Base; path = Base.lproj/LaunchScreen.storyboard; sourceTree = "<group>"; };
		EA1EC9ED2BFF73D1007F962B /* Info.plist */ = {isa = PBXFileReference; lastKnownFileType = text.plist.xml; path = Info.plist; sourceTree = "<group>"; };
		EA1EC9F22BFF73D1007F962B /* EssentialAppTests.xctest */ = {isa = PBXFileReference; explicitFileType = wrapper.cfbundle; includeInIndex = 0; path = EssentialAppTests.xctest; sourceTree = BUILT_PRODUCTS_DIR; };
		EA1EC9FC2BFF73D1007F962B /* EssentialAppUITests.xctest */ = {isa = PBXFileReference; explicitFileType = wrapper.cfbundle; includeInIndex = 0; path = EssentialAppUITests.xctest; sourceTree = BUILT_PRODUCTS_DIR; };
		EA1ECA002BFF73D1007F962B /* EssentialAppUITests.swift */ = {isa = PBXFileReference; lastKnownFileType = sourcecode.swift; path = EssentialAppUITests.swift; sourceTree = "<group>"; };
		EA1ECA022BFF73D1007F962B /* EssentialAppUITestsLaunchTests.swift */ = {isa = PBXFileReference; lastKnownFileType = sourcecode.swift; path = EssentialAppUITestsLaunchTests.swift; sourceTree = "<group>"; };
		EA1FA6432C1085AD006244A5 /* FeedImageDataLoaderWithFallbackCompositeTests.swift */ = {isa = PBXFileReference; lastKnownFileType = sourcecode.swift; path = FeedImageDataLoaderWithFallbackCompositeTests.swift; sourceTree = "<group>"; };
		EA1FA6452C10A6DB006244A5 /* FeedImageDataLoaderWithFallbackComposite.swift */ = {isa = PBXFileReference; lastKnownFileType = sourcecode.swift; path = FeedImageDataLoaderWithFallbackComposite.swift; sourceTree = "<group>"; };
		EA1FA6482C10A73E006244A5 /* XCTestCase+MemoryLeakTracking.swift */ = {isa = PBXFileReference; lastKnownFileType = sourcecode.swift; path = "XCTestCase+MemoryLeakTracking.swift"; sourceTree = "<group>"; };
		EA1FA64A2C10A7A6006244A5 /* SharedTestHelpers.swift */ = {isa = PBXFileReference; lastKnownFileType = sourcecode.swift; path = SharedTestHelpers.swift; sourceTree = "<group>"; };
		EA66C17C2C0A021A0057E350 /* FeedLoaderWithFallbackCompositeTests.swift */ = {isa = PBXFileReference; lastKnownFileType = sourcecode.swift; path = FeedLoaderWithFallbackCompositeTests.swift; sourceTree = "<group>"; };
		EABF5D692BFF761500B5D169 /* EssentialFeed.framework */ = {isa = PBXFileReference; explicitFileType = wrapper.framework; path = EssentialFeed.framework; sourceTree = BUILT_PRODUCTS_DIR; };
		EABF5D6A2BFF761500B5D169 /* EssentialFeediOS.framework */ = {isa = PBXFileReference; explicitFileType = wrapper.framework; path = EssentialFeediOS.framework; sourceTree = BUILT_PRODUCTS_DIR; };
		EAC2A9F02C11DA170040255A /* FeedLoaderCacheDecoratorTests.swift */ = {isa = PBXFileReference; lastKnownFileType = sourcecode.swift; path = FeedLoaderCacheDecoratorTests.swift; sourceTree = "<group>"; };
		EADF3E6B2C0F4E9400967A71 /* FeedLoaderWithFallbackComposite.swift */ = {isa = PBXFileReference; lastKnownFileType = sourcecode.swift; path = FeedLoaderWithFallbackComposite.swift; sourceTree = "<group>"; };
/* End PBXFileReference section */

/* Begin PBXFrameworksBuildPhase section */
		EA1EC9D92BFF73D0007F962B /* Frameworks */ = {
			isa = PBXFrameworksBuildPhase;
			buildActionMask = 2147483647;
			files = (
				EABF5D6B2BFF761500B5D169 /* EssentialFeed.framework in Frameworks */,
				EABF5D6D2BFF761500B5D169 /* EssentialFeediOS.framework in Frameworks */,
			);
			runOnlyForDeploymentPostprocessing = 0;
		};
		EA1EC9EF2BFF73D1007F962B /* Frameworks */ = {
			isa = PBXFrameworksBuildPhase;
			buildActionMask = 2147483647;
			files = (
			);
			runOnlyForDeploymentPostprocessing = 0;
		};
		EA1EC9F92BFF73D1007F962B /* Frameworks */ = {
			isa = PBXFrameworksBuildPhase;
			buildActionMask = 2147483647;
			files = (
			);
			runOnlyForDeploymentPostprocessing = 0;
		};
/* End PBXFrameworksBuildPhase section */

/* Begin PBXGroup section */
		EA1EC9D32BFF73D0007F962B = {
			isa = PBXGroup;
			children = (
				EA1EC9DE2BFF73D0007F962B /* EssentialApp */,
				EA1EC9F52BFF73D1007F962B /* EssentialAppTests */,
				EA1EC9FF2BFF73D1007F962B /* EssentialAppUITests */,
				EA1EC9DD2BFF73D0007F962B /* Products */,
				EABF5D682BFF761400B5D169 /* Frameworks */,
			);
			sourceTree = "<group>";
		};
		EA1EC9DD2BFF73D0007F962B /* Products */ = {
			isa = PBXGroup;
			children = (
				EA1EC9DC2BFF73D0007F962B /* EssentialApp.app */,
				EA1EC9F22BFF73D1007F962B /* EssentialAppTests.xctest */,
				EA1EC9FC2BFF73D1007F962B /* EssentialAppUITests.xctest */,
			);
			name = Products;
			sourceTree = "<group>";
		};
		EA1EC9DE2BFF73D0007F962B /* EssentialApp */ = {
			isa = PBXGroup;
			children = (
				EA1EC9DF2BFF73D0007F962B /* AppDelegate.swift */,
				EA1EC9E12BFF73D0007F962B /* SceneDelegate.swift */,
				EA1EC9E32BFF73D0007F962B /* ViewController.swift */,
				EADF3E6B2C0F4E9400967A71 /* FeedLoaderWithFallbackComposite.swift */,
				EA1FA6452C10A6DB006244A5 /* FeedImageDataLoaderWithFallbackComposite.swift */,
				EA1EC9E52BFF73D0007F962B /* Main.storyboard */,
				EA1EC9E82BFF73D1007F962B /* Assets.xcassets */,
				EA1EC9EA2BFF73D1007F962B /* LaunchScreen.storyboard */,
				EA1EC9ED2BFF73D1007F962B /* Info.plist */,
			);
			path = EssentialApp;
			sourceTree = "<group>";
		};
		EA1EC9F52BFF73D1007F962B /* EssentialAppTests */ = {
			isa = PBXGroup;
			children = (
				EA1FA6472C10A725006244A5 /* Helpers */,
				EA66C17C2C0A021A0057E350 /* FeedLoaderWithFallbackCompositeTests.swift */,
				EAC2A9F02C11DA170040255A /* FeedLoaderCacheDecoratorTests.swift */,
				EA1FA6432C1085AD006244A5 /* FeedImageDataLoaderWithFallbackCompositeTests.swift */,
			);
			path = EssentialAppTests;
			sourceTree = "<group>";
		};
		EA1EC9FF2BFF73D1007F962B /* EssentialAppUITests */ = {
			isa = PBXGroup;
			children = (
				EA1ECA002BFF73D1007F962B /* EssentialAppUITests.swift */,
				EA1ECA022BFF73D1007F962B /* EssentialAppUITestsLaunchTests.swift */,
			);
			path = EssentialAppUITests;
			sourceTree = "<group>";
		};
		EA1FA6472C10A725006244A5 /* Helpers */ = {
			isa = PBXGroup;
			children = (
				EA1FA6482C10A73E006244A5 /* XCTestCase+MemoryLeakTracking.swift */,
				EA0C47832C11DCB7005514E5 /* XCTestCase+FeedLoader.swift */,
				EA1FA64A2C10A7A6006244A5 /* SharedTestHelpers.swift */,
				EA0C47812C11DBD0005514E5 /* FeedLoaderStub.swift */,
			);
			path = Helpers;
			sourceTree = "<group>";
		};
		EABF5D682BFF761400B5D169 /* Frameworks */ = {
			isa = PBXGroup;
			children = (
				EABF5D692BFF761500B5D169 /* EssentialFeed.framework */,
				EABF5D6A2BFF761500B5D169 /* EssentialFeediOS.framework */,
			);
			name = Frameworks;
			sourceTree = "<group>";
		};
/* End PBXGroup section */

/* Begin PBXNativeTarget section */
		EA1EC9DB2BFF73D0007F962B /* EssentialApp */ = {
			isa = PBXNativeTarget;
			buildConfigurationList = EA1ECA062BFF73D1007F962B /* Build configuration list for PBXNativeTarget "EssentialApp" */;
			buildPhases = (
				EA1EC9D82BFF73D0007F962B /* Sources */,
				EA1EC9D92BFF73D0007F962B /* Frameworks */,
				EA1EC9DA2BFF73D0007F962B /* Resources */,
				EABF5D6F2BFF761500B5D169 /* Embed Frameworks */,
			);
			buildRules = (
			);
			dependencies = (
			);
			name = EssentialApp;
			productName = EssentialApp;
			productReference = EA1EC9DC2BFF73D0007F962B /* EssentialApp.app */;
			productType = "com.apple.product-type.application";
		};
		EA1EC9F12BFF73D1007F962B /* EssentialAppTests */ = {
			isa = PBXNativeTarget;
			buildConfigurationList = EA1ECA092BFF73D1007F962B /* Build configuration list for PBXNativeTarget "EssentialAppTests" */;
			buildPhases = (
				EA1EC9EE2BFF73D1007F962B /* Sources */,
				EA1EC9EF2BFF73D1007F962B /* Frameworks */,
				EA1EC9F02BFF73D1007F962B /* Resources */,
			);
			buildRules = (
			);
			dependencies = (
				EA1EC9F42BFF73D1007F962B /* PBXTargetDependency */,
			);
			name = EssentialAppTests;
			productName = EssentialAppTests;
			productReference = EA1EC9F22BFF73D1007F962B /* EssentialAppTests.xctest */;
			productType = "com.apple.product-type.bundle.unit-test";
		};
		EA1EC9FB2BFF73D1007F962B /* EssentialAppUITests */ = {
			isa = PBXNativeTarget;
			buildConfigurationList = EA1ECA0C2BFF73D1007F962B /* Build configuration list for PBXNativeTarget "EssentialAppUITests" */;
			buildPhases = (
				EA1EC9F82BFF73D1007F962B /* Sources */,
				EA1EC9F92BFF73D1007F962B /* Frameworks */,
				EA1EC9FA2BFF73D1007F962B /* Resources */,
			);
			buildRules = (
			);
			dependencies = (
				EA1EC9FE2BFF73D1007F962B /* PBXTargetDependency */,
			);
			name = EssentialAppUITests;
			productName = EssentialAppUITests;
			productReference = EA1EC9FC2BFF73D1007F962B /* EssentialAppUITests.xctest */;
			productType = "com.apple.product-type.bundle.ui-testing";
		};
/* End PBXNativeTarget section */

/* Begin PBXProject section */
		EA1EC9D42BFF73D0007F962B /* Project object */ = {
			isa = PBXProject;
			attributes = {
				BuildIndependentTargetsInParallel = 1;
				LastSwiftUpdateCheck = 1540;
				LastUpgradeCheck = 1540;
				TargetAttributes = {
					EA1EC9DB2BFF73D0007F962B = {
						CreatedOnToolsVersion = 15.4;
					};
					EA1EC9F12BFF73D1007F962B = {
						CreatedOnToolsVersion = 15.4;
						LastSwiftMigration = 1540;
						TestTargetID = EA1EC9DB2BFF73D0007F962B;
					};
					EA1EC9FB2BFF73D1007F962B = {
						CreatedOnToolsVersion = 15.4;
						TestTargetID = EA1EC9DB2BFF73D0007F962B;
					};
				};
			};
			buildConfigurationList = EA1EC9D72BFF73D0007F962B /* Build configuration list for PBXProject "EssentialApp" */;
			compatibilityVersion = "Xcode 14.0";
			developmentRegion = en;
			hasScannedForEncodings = 0;
			knownRegions = (
				en,
				Base,
			);
			mainGroup = EA1EC9D32BFF73D0007F962B;
			productRefGroup = EA1EC9DD2BFF73D0007F962B /* Products */;
			projectDirPath = "";
			projectRoot = "";
			targets = (
				EA1EC9DB2BFF73D0007F962B /* EssentialApp */,
				EA1EC9F12BFF73D1007F962B /* EssentialAppTests */,
				EA1EC9FB2BFF73D1007F962B /* EssentialAppUITests */,
			);
		};
/* End PBXProject section */

/* Begin PBXResourcesBuildPhase section */
		EA1EC9DA2BFF73D0007F962B /* Resources */ = {
			isa = PBXResourcesBuildPhase;
			buildActionMask = 2147483647;
			files = (
				EA1EC9E92BFF73D1007F962B /* Assets.xcassets in Resources */,
				EA1EC9EC2BFF73D1007F962B /* Base in Resources */,
				EA1EC9E72BFF73D0007F962B /* Base in Resources */,
			);
			runOnlyForDeploymentPostprocessing = 0;
		};
		EA1EC9F02BFF73D1007F962B /* Resources */ = {
			isa = PBXResourcesBuildPhase;
			buildActionMask = 2147483647;
			files = (
			);
			runOnlyForDeploymentPostprocessing = 0;
		};
		EA1EC9FA2BFF73D1007F962B /* Resources */ = {
			isa = PBXResourcesBuildPhase;
			buildActionMask = 2147483647;
			files = (
			);
			runOnlyForDeploymentPostprocessing = 0;
		};
/* End PBXResourcesBuildPhase section */

/* Begin PBXSourcesBuildPhase section */
		EA1EC9D82BFF73D0007F962B /* Sources */ = {
			isa = PBXSourcesBuildPhase;
			buildActionMask = 2147483647;
			files = (
				EA1EC9E42BFF73D0007F962B /* ViewController.swift in Sources */,
				EA1EC9E02BFF73D0007F962B /* AppDelegate.swift in Sources */,
				EADF3E6C2C0F4E9400967A71 /* FeedLoaderWithFallbackComposite.swift in Sources */,
				EA1EC9E22BFF73D0007F962B /* SceneDelegate.swift in Sources */,
				EA1FA6462C10A6DB006244A5 /* FeedImageDataLoaderWithFallbackComposite.swift in Sources */,
			);
			runOnlyForDeploymentPostprocessing = 0;
		};
		EA1EC9EE2BFF73D1007F962B /* Sources */ = {
			isa = PBXSourcesBuildPhase;
			buildActionMask = 2147483647;
			files = (
				EA1FA64B2C10A7A6006244A5 /* SharedTestHelpers.swift in Sources */,
				EA0C47842C11DCB7005514E5 /* XCTestCase+FeedLoader.swift in Sources */,
				EA1FA6442C1085AD006244A5 /* FeedImageDataLoaderWithFallbackCompositeTests.swift in Sources */,
				EA66C17D2C0A021A0057E350 /* FeedLoaderWithFallbackCompositeTests.swift in Sources */,
				EAC2A9F12C11DA170040255A /* FeedLoaderCacheDecoratorTests.swift in Sources */,
				EA0C47822C11DBD0005514E5 /* FeedLoaderStub.swift in Sources */,
				EA1FA6492C10A73E006244A5 /* XCTestCase+MemoryLeakTracking.swift in Sources */,
			);
			runOnlyForDeploymentPostprocessing = 0;
		};
		EA1EC9F82BFF73D1007F962B /* Sources */ = {
			isa = PBXSourcesBuildPhase;
			buildActionMask = 2147483647;
			files = (
				EA1ECA012BFF73D1007F962B /* EssentialAppUITests.swift in Sources */,
				EA1ECA032BFF73D1007F962B /* EssentialAppUITestsLaunchTests.swift in Sources */,
			);
			runOnlyForDeploymentPostprocessing = 0;
		};
/* End PBXSourcesBuildPhase section */

/* Begin PBXTargetDependency section */
		EA1EC9F42BFF73D1007F962B /* PBXTargetDependency */ = {
			isa = PBXTargetDependency;
			target = EA1EC9DB2BFF73D0007F962B /* EssentialApp */;
			targetProxy = EA1EC9F32BFF73D1007F962B /* PBXContainerItemProxy */;
		};
		EA1EC9FE2BFF73D1007F962B /* PBXTargetDependency */ = {
			isa = PBXTargetDependency;
			target = EA1EC9DB2BFF73D0007F962B /* EssentialApp */;
			targetProxy = EA1EC9FD2BFF73D1007F962B /* PBXContainerItemProxy */;
		};
/* End PBXTargetDependency section */

/* Begin PBXVariantGroup section */
		EA1EC9E52BFF73D0007F962B /* Main.storyboard */ = {
			isa = PBXVariantGroup;
			children = (
				EA1EC9E62BFF73D0007F962B /* Base */,
			);
			name = Main.storyboard;
			sourceTree = "<group>";
		};
		EA1EC9EA2BFF73D1007F962B /* LaunchScreen.storyboard */ = {
			isa = PBXVariantGroup;
			children = (
				EA1EC9EB2BFF73D1007F962B /* Base */,
			);
			name = LaunchScreen.storyboard;
			sourceTree = "<group>";
		};
/* End PBXVariantGroup section */

/* Begin XCBuildConfiguration section */
		EA1ECA042BFF73D1007F962B /* Debug */ = {
			isa = XCBuildConfiguration;
			buildSettings = {
				ALWAYS_SEARCH_USER_PATHS = NO;
				ASSETCATALOG_COMPILER_GENERATE_SWIFT_ASSET_SYMBOL_EXTENSIONS = YES;
				CLANG_ANALYZER_NONNULL = YES;
				CLANG_ANALYZER_NUMBER_OBJECT_CONVERSION = YES_AGGRESSIVE;
				CLANG_CXX_LANGUAGE_STANDARD = "gnu++20";
				CLANG_ENABLE_MODULES = YES;
				CLANG_ENABLE_OBJC_ARC = YES;
				CLANG_ENABLE_OBJC_WEAK = YES;
				CLANG_WARN_BLOCK_CAPTURE_AUTORELEASING = YES;
				CLANG_WARN_BOOL_CONVERSION = YES;
				CLANG_WARN_COMMA = YES;
				CLANG_WARN_CONSTANT_CONVERSION = YES;
				CLANG_WARN_DEPRECATED_OBJC_IMPLEMENTATIONS = YES;
				CLANG_WARN_DIRECT_OBJC_ISA_USAGE = YES_ERROR;
				CLANG_WARN_DOCUMENTATION_COMMENTS = YES;
				CLANG_WARN_EMPTY_BODY = YES;
				CLANG_WARN_ENUM_CONVERSION = YES;
				CLANG_WARN_INFINITE_RECURSION = YES;
				CLANG_WARN_INT_CONVERSION = YES;
				CLANG_WARN_NON_LITERAL_NULL_CONVERSION = YES;
				CLANG_WARN_OBJC_IMPLICIT_RETAIN_SELF = YES;
				CLANG_WARN_OBJC_LITERAL_CONVERSION = YES;
				CLANG_WARN_OBJC_ROOT_CLASS = YES_ERROR;
				CLANG_WARN_QUOTED_INCLUDE_IN_FRAMEWORK_HEADER = YES;
				CLANG_WARN_RANGE_LOOP_ANALYSIS = YES;
				CLANG_WARN_STRICT_PROTOTYPES = YES;
				CLANG_WARN_SUSPICIOUS_MOVE = YES;
				CLANG_WARN_UNGUARDED_AVAILABILITY = YES_AGGRESSIVE;
				CLANG_WARN_UNREACHABLE_CODE = YES;
				CLANG_WARN__DUPLICATE_METHOD_MATCH = YES;
				COPY_PHASE_STRIP = NO;
				DEBUG_INFORMATION_FORMAT = dwarf;
				ENABLE_STRICT_OBJC_MSGSEND = YES;
				ENABLE_TESTABILITY = YES;
				ENABLE_USER_SCRIPT_SANDBOXING = YES;
				GCC_C_LANGUAGE_STANDARD = gnu17;
				GCC_DYNAMIC_NO_PIC = NO;
				GCC_NO_COMMON_BLOCKS = YES;
				GCC_OPTIMIZATION_LEVEL = 0;
				GCC_PREPROCESSOR_DEFINITIONS = (
					"DEBUG=1",
					"$(inherited)",
				);
				GCC_WARN_64_TO_32_BIT_CONVERSION = YES;
				GCC_WARN_ABOUT_RETURN_TYPE = YES_ERROR;
				GCC_WARN_UNDECLARED_SELECTOR = YES;
				GCC_WARN_UNINITIALIZED_AUTOS = YES_AGGRESSIVE;
				GCC_WARN_UNUSED_FUNCTION = YES;
				GCC_WARN_UNUSED_VARIABLE = YES;
				IPHONEOS_DEPLOYMENT_TARGET = 17.5;
				LOCALIZATION_PREFERS_STRING_CATALOGS = YES;
				MTL_ENABLE_DEBUG_INFO = INCLUDE_SOURCE;
				MTL_FAST_MATH = YES;
				ONLY_ACTIVE_ARCH = YES;
				SDKROOT = iphoneos;
				SWIFT_ACTIVE_COMPILATION_CONDITIONS = "DEBUG $(inherited)";
				SWIFT_OPTIMIZATION_LEVEL = "-Onone";
			};
			name = Debug;
		};
		EA1ECA052BFF73D1007F962B /* Release */ = {
			isa = XCBuildConfiguration;
			buildSettings = {
				ALWAYS_SEARCH_USER_PATHS = NO;
				ASSETCATALOG_COMPILER_GENERATE_SWIFT_ASSET_SYMBOL_EXTENSIONS = YES;
				CLANG_ANALYZER_NONNULL = YES;
				CLANG_ANALYZER_NUMBER_OBJECT_CONVERSION = YES_AGGRESSIVE;
				CLANG_CXX_LANGUAGE_STANDARD = "gnu++20";
				CLANG_ENABLE_MODULES = YES;
				CLANG_ENABLE_OBJC_ARC = YES;
				CLANG_ENABLE_OBJC_WEAK = YES;
				CLANG_WARN_BLOCK_CAPTURE_AUTORELEASING = YES;
				CLANG_WARN_BOOL_CONVERSION = YES;
				CLANG_WARN_COMMA = YES;
				CLANG_WARN_CONSTANT_CONVERSION = YES;
				CLANG_WARN_DEPRECATED_OBJC_IMPLEMENTATIONS = YES;
				CLANG_WARN_DIRECT_OBJC_ISA_USAGE = YES_ERROR;
				CLANG_WARN_DOCUMENTATION_COMMENTS = YES;
				CLANG_WARN_EMPTY_BODY = YES;
				CLANG_WARN_ENUM_CONVERSION = YES;
				CLANG_WARN_INFINITE_RECURSION = YES;
				CLANG_WARN_INT_CONVERSION = YES;
				CLANG_WARN_NON_LITERAL_NULL_CONVERSION = YES;
				CLANG_WARN_OBJC_IMPLICIT_RETAIN_SELF = YES;
				CLANG_WARN_OBJC_LITERAL_CONVERSION = YES;
				CLANG_WARN_OBJC_ROOT_CLASS = YES_ERROR;
				CLANG_WARN_QUOTED_INCLUDE_IN_FRAMEWORK_HEADER = YES;
				CLANG_WARN_RANGE_LOOP_ANALYSIS = YES;
				CLANG_WARN_STRICT_PROTOTYPES = YES;
				CLANG_WARN_SUSPICIOUS_MOVE = YES;
				CLANG_WARN_UNGUARDED_AVAILABILITY = YES_AGGRESSIVE;
				CLANG_WARN_UNREACHABLE_CODE = YES;
				CLANG_WARN__DUPLICATE_METHOD_MATCH = YES;
				COPY_PHASE_STRIP = NO;
				DEBUG_INFORMATION_FORMAT = "dwarf-with-dsym";
				ENABLE_NS_ASSERTIONS = NO;
				ENABLE_STRICT_OBJC_MSGSEND = YES;
				ENABLE_USER_SCRIPT_SANDBOXING = YES;
				GCC_C_LANGUAGE_STANDARD = gnu17;
				GCC_NO_COMMON_BLOCKS = YES;
				GCC_WARN_64_TO_32_BIT_CONVERSION = YES;
				GCC_WARN_ABOUT_RETURN_TYPE = YES_ERROR;
				GCC_WARN_UNDECLARED_SELECTOR = YES;
				GCC_WARN_UNINITIALIZED_AUTOS = YES_AGGRESSIVE;
				GCC_WARN_UNUSED_FUNCTION = YES;
				GCC_WARN_UNUSED_VARIABLE = YES;
				IPHONEOS_DEPLOYMENT_TARGET = 17.5;
				LOCALIZATION_PREFERS_STRING_CATALOGS = YES;
				MTL_ENABLE_DEBUG_INFO = NO;
				MTL_FAST_MATH = YES;
				SDKROOT = iphoneos;
				SWIFT_COMPILATION_MODE = wholemodule;
				VALIDATE_PRODUCT = YES;
			};
			name = Release;
		};
		EA1ECA072BFF73D1007F962B /* Debug */ = {
			isa = XCBuildConfiguration;
			buildSettings = {
				ASSETCATALOG_COMPILER_APPICON_NAME = AppIcon;
				ASSETCATALOG_COMPILER_GLOBAL_ACCENT_COLOR_NAME = AccentColor;
				CODE_SIGN_STYLE = Automatic;
				CURRENT_PROJECT_VERSION = 1;
				GENERATE_INFOPLIST_FILE = YES;
				INFOPLIST_FILE = EssentialApp/Info.plist;
				INFOPLIST_KEY_UIApplicationSupportsIndirectInputEvents = YES;
				INFOPLIST_KEY_UILaunchStoryboardName = LaunchScreen;
				INFOPLIST_KEY_UIMainStoryboardFile = Main;
				INFOPLIST_KEY_UISupportedInterfaceOrientations = UIInterfaceOrientationPortrait;
				INFOPLIST_KEY_UISupportedInterfaceOrientations_iPad = "UIInterfaceOrientationLandscapeLeft UIInterfaceOrientationLandscapeRight UIInterfaceOrientationPortrait UIInterfaceOrientationPortraitUpsideDown";
				IPHONEOS_DEPLOYMENT_TARGET = 16.0;
				LD_RUNPATH_SEARCH_PATHS = (
					"$(inherited)",
					"@executable_path/Frameworks",
				);
				MARKETING_VERSION = 1.0;
				PRODUCT_BUNDLE_IDENTIFIER = com.nikatms.EssentialApp;
				PRODUCT_NAME = "$(TARGET_NAME)";
				SUPPORTED_PLATFORMS = "iphoneos iphonesimulator";
				SUPPORTS_MACCATALYST = NO;
				SUPPORTS_MAC_DESIGNED_FOR_IPHONE_IPAD = NO;
				SUPPORTS_XR_DESIGNED_FOR_IPHONE_IPAD = NO;
				SWIFT_EMIT_LOC_STRINGS = YES;
				SWIFT_VERSION = 5.0;
				TARGETED_DEVICE_FAMILY = 1;
			};
			name = Debug;
		};
		EA1ECA082BFF73D1007F962B /* Release */ = {
			isa = XCBuildConfiguration;
			buildSettings = {
				ASSETCATALOG_COMPILER_APPICON_NAME = AppIcon;
				ASSETCATALOG_COMPILER_GLOBAL_ACCENT_COLOR_NAME = AccentColor;
				CODE_SIGN_STYLE = Automatic;
				CURRENT_PROJECT_VERSION = 1;
				GENERATE_INFOPLIST_FILE = YES;
				INFOPLIST_FILE = EssentialApp/Info.plist;
				INFOPLIST_KEY_UIApplicationSupportsIndirectInputEvents = YES;
				INFOPLIST_KEY_UILaunchStoryboardName = LaunchScreen;
				INFOPLIST_KEY_UIMainStoryboardFile = Main;
				INFOPLIST_KEY_UISupportedInterfaceOrientations = UIInterfaceOrientationPortrait;
				INFOPLIST_KEY_UISupportedInterfaceOrientations_iPad = "UIInterfaceOrientationLandscapeLeft UIInterfaceOrientationLandscapeRight UIInterfaceOrientationPortrait UIInterfaceOrientationPortraitUpsideDown";
				IPHONEOS_DEPLOYMENT_TARGET = 16.0;
				LD_RUNPATH_SEARCH_PATHS = (
					"$(inherited)",
					"@executable_path/Frameworks",
				);
				MARKETING_VERSION = 1.0;
				PRODUCT_BUNDLE_IDENTIFIER = com.nikatms.EssentialApp;
				PRODUCT_NAME = "$(TARGET_NAME)";
				SUPPORTED_PLATFORMS = "iphoneos iphonesimulator";
				SUPPORTS_MACCATALYST = NO;
				SUPPORTS_MAC_DESIGNED_FOR_IPHONE_IPAD = NO;
				SUPPORTS_XR_DESIGNED_FOR_IPHONE_IPAD = NO;
				SWIFT_EMIT_LOC_STRINGS = YES;
				SWIFT_VERSION = 5.0;
				TARGETED_DEVICE_FAMILY = 1;
			};
			name = Release;
		};
		EA1ECA0A2BFF73D1007F962B /* Debug */ = {
			isa = XCBuildConfiguration;
			buildSettings = {
				ALWAYS_EMBED_SWIFT_STANDARD_LIBRARIES = YES;
				BUNDLE_LOADER = "$(TEST_HOST)";
				CLANG_ENABLE_MODULES = YES;
				CODE_SIGN_STYLE = Automatic;
				CURRENT_PROJECT_VERSION = 1;
				GENERATE_INFOPLIST_FILE = YES;
				IPHONEOS_DEPLOYMENT_TARGET = 17.5;
				MARKETING_VERSION = 1.0;
				PRODUCT_BUNDLE_IDENTIFIER = com.nikatms.EssentialAppTests;
				PRODUCT_NAME = "$(TARGET_NAME)";
				SWIFT_EMIT_LOC_STRINGS = NO;
				SWIFT_OPTIMIZATION_LEVEL = "-Onone";
				SWIFT_VERSION = 5.0;
				TARGETED_DEVICE_FAMILY = "1,2";
				TEST_HOST = "$(BUILT_PRODUCTS_DIR)/EssentialApp.app/$(BUNDLE_EXECUTABLE_FOLDER_PATH)/EssentialApp";
			};
			name = Debug;
		};
		EA1ECA0B2BFF73D1007F962B /* Release */ = {
			isa = XCBuildConfiguration;
			buildSettings = {
				ALWAYS_EMBED_SWIFT_STANDARD_LIBRARIES = YES;
				BUNDLE_LOADER = "$(TEST_HOST)";
				CLANG_ENABLE_MODULES = YES;
				CODE_SIGN_STYLE = Automatic;
				CURRENT_PROJECT_VERSION = 1;
				GENERATE_INFOPLIST_FILE = YES;
				IPHONEOS_DEPLOYMENT_TARGET = 17.5;
				MARKETING_VERSION = 1.0;
				PRODUCT_BUNDLE_IDENTIFIER = com.nikatms.EssentialAppTests;
				PRODUCT_NAME = "$(TARGET_NAME)";
				SWIFT_EMIT_LOC_STRINGS = NO;
				SWIFT_VERSION = 5.0;
				TARGETED_DEVICE_FAMILY = "1,2";
				TEST_HOST = "$(BUILT_PRODUCTS_DIR)/EssentialApp.app/$(BUNDLE_EXECUTABLE_FOLDER_PATH)/EssentialApp";
			};
			name = Release;
		};
		EA1ECA0D2BFF73D1007F962B /* Debug */ = {
			isa = XCBuildConfiguration;
			buildSettings = {
				ALWAYS_EMBED_SWIFT_STANDARD_LIBRARIES = YES;
				CODE_SIGN_STYLE = Automatic;
				CURRENT_PROJECT_VERSION = 1;
				GENERATE_INFOPLIST_FILE = YES;
				MARKETING_VERSION = 1.0;
				PRODUCT_BUNDLE_IDENTIFIER = com.nikatms.EssentialAppUITests;
				PRODUCT_NAME = "$(TARGET_NAME)";
				SWIFT_EMIT_LOC_STRINGS = NO;
				SWIFT_VERSION = 5.0;
				TARGETED_DEVICE_FAMILY = "1,2";
				TEST_TARGET_NAME = EssentialApp;
			};
			name = Debug;
		};
		EA1ECA0E2BFF73D1007F962B /* Release */ = {
			isa = XCBuildConfiguration;
			buildSettings = {
				ALWAYS_EMBED_SWIFT_STANDARD_LIBRARIES = YES;
				CODE_SIGN_STYLE = Automatic;
				CURRENT_PROJECT_VERSION = 1;
				GENERATE_INFOPLIST_FILE = YES;
				MARKETING_VERSION = 1.0;
				PRODUCT_BUNDLE_IDENTIFIER = com.nikatms.EssentialAppUITests;
				PRODUCT_NAME = "$(TARGET_NAME)";
				SWIFT_EMIT_LOC_STRINGS = NO;
				SWIFT_VERSION = 5.0;
				TARGETED_DEVICE_FAMILY = "1,2";
				TEST_TARGET_NAME = EssentialApp;
			};
			name = Release;
		};
/* End XCBuildConfiguration section */

/* Begin XCConfigurationList section */
		EA1EC9D72BFF73D0007F962B /* Build configuration list for PBXProject "EssentialApp" */ = {
			isa = XCConfigurationList;
			buildConfigurations = (
				EA1ECA042BFF73D1007F962B /* Debug */,
				EA1ECA052BFF73D1007F962B /* Release */,
			);
			defaultConfigurationIsVisible = 0;
			defaultConfigurationName = Release;
		};
		EA1ECA062BFF73D1007F962B /* Build configuration list for PBXNativeTarget "EssentialApp" */ = {
			isa = XCConfigurationList;
			buildConfigurations = (
				EA1ECA072BFF73D1007F962B /* Debug */,
				EA1ECA082BFF73D1007F962B /* Release */,
			);
			defaultConfigurationIsVisible = 0;
			defaultConfigurationName = Release;
		};
		EA1ECA092BFF73D1007F962B /* Build configuration list for PBXNativeTarget "EssentialAppTests" */ = {
			isa = XCConfigurationList;
			buildConfigurations = (
				EA1ECA0A2BFF73D1007F962B /* Debug */,
				EA1ECA0B2BFF73D1007F962B /* Release */,
			);
			defaultConfigurationIsVisible = 0;
			defaultConfigurationName = Release;
		};
		EA1ECA0C2BFF73D1007F962B /* Build configuration list for PBXNativeTarget "EssentialAppUITests" */ = {
			isa = XCConfigurationList;
			buildConfigurations = (
				EA1ECA0D2BFF73D1007F962B /* Debug */,
				EA1ECA0E2BFF73D1007F962B /* Release */,
			);
			defaultConfigurationIsVisible = 0;
			defaultConfigurationName = Release;
		};
/* End XCConfigurationList section */
	};
	rootObject = EA1EC9D42BFF73D0007F962B /* Project object */;
}
